<?xml version="1.0"?>
<CONFIG>
  <ProjectOptions>
    <PathDelim Value="\"/>
    <Version Value="7"/>
    <General>
      <MainUnit Value="0"/>
      <TargetFileExt Value=".exe"/>
      <Icon Value="0"/>
      <UseXPManifest Value="True"/>
      <ActiveEditorIndexAtStart Value="2"/>
    </General>
    <VersionInfo>
      <ProjectVersion Value=""/>
      <Language Value=""/>
      <CharSet Value=""/>
    </VersionInfo>
    <PublishOptions>
      <Version Value="2"/>
      <IgnoreBinaries Value="False"/>
      <IncludeFileFilter Value="*.(pas|pp|inc|lfm|lpr|lrs|lpi|lpk|sh|xml)"/>
      <ExcludeFileFilter Value="*.(bak|ppu|ppw|o|so);*~;backup"/>
    </PublishOptions>
    <RunParams>
      <local>
        <FormatVersion Value="1"/>
        <LaunchingApplication PathPlusParams="/usr/X11R6/bin/xterm -T 'Lazarus Run Output' -e $(LazarusDir)/tools/runwait.sh $(TargetCmdLine)"/>
      </local>
    </RunParams>
    <RequiredPackages Count="1">
      <Item1>
        <PackageName Value="LCL"/>
      </Item1>
    </RequiredPackages>
    <Units Count="4">
      <Unit0>
        <Filename Value="LinearPhaseCrossover.lpr"/>
        <IsPartOfProject Value="True"/>
        <CursorPos X="25" Y="16"/>
        <TopLine Value="1"/>
        <EditorIndex Value="1"/>
        <UsageCount Value="21"/>
        <Loaded Value="True"/>
      </Unit0>
      <Unit1>
        <Filename Value="LinearPhaseCrossoverDM.pas"/>
        <ComponentName Value="LinearPhaseCrossoverModule"/>
        <HasResources Value="True"/>
        <IsPartOfProject Value="True"/>
        <ResourceBaseClass Value="DataModule"/>
        <UnitName Value="LinearPhaseCrossoverDM"/>
        <CursorPos X="7" Y="314"/>
        <TopLine Value="279"/>
        <EditorIndex Value="0"/>
        <UsageCount Value="21"/>
        <Loaded Value="True"/>
      </Unit1>
      <Unit2>
        <Filename Value="..\..\..\..\Source\DSP\DAV_DspFftReal2Complex.pas"/>
        <UnitName Value="DAV_DspFftReal2Complex"/>
        <CursorPos X="19" Y="3915"/>
        <TopLine Value="3896"/>
        <EditorIndex Value="2"/>
        <UsageCount Value="10"/>
        <Loaded Value="True"/>
      </Unit2>
      <Unit3>
        <Filename Value="..\..\..\..\..\..\..\..\Lazarus\fpc\2.2.5\source\rtl\objpas\math.pp"/>
        <UnitName Value="math"/>
        <CursorPos X="8" Y="100"/>
        <TopLine Value="81"/>
        <EditorIndex Value="3"/>
        <UsageCount Value="10"/>
        <Loaded Value="True"/>
      </Unit3>
    </Units>
    <JumpHistory Count="29" HistoryIndex="28">
      <Position1>
        <Filename Value="LinearPhaseCrossoverDM.pas"/>
        <Caret Line="10" Column="62" TopLine="1"/>
      </Position1>
      <Position2>
        <Filename Value="LinearPhaseCrossover.lpr"/>
        <Caret Line="22" Column="39" TopLine="1"/>
      </Position2>
      <Position3>
        <Filename Value="LinearPhaseCrossover.lpr"/>
        <Caret Line="11" Column="18" TopLine="1"/>
      </Position3>
      <Position4>
        <Filename Value="..\..\..\..\Source\DSP\DAV_DspFftReal2Complex.pas"/>
        <Caret Line="3952" Column="9" TopLine="3925"/>
      </Position4>
      <Position5>
        <Filename Value="..\..\..\..\Source\DSP\DAV_DspFftReal2Complex.pas"/>
        <Caret Line="793" Column="107" TopLine="786"/>
      </Position5>
      <Position6>
        <Filename Value="..\..\..\..\Source\DSP\DAV_DspFftReal2Complex.pas"/>
        <Caret Line="1" Column="1" TopLine="1"/>
      </Position6>
      <Position7>
        <Filename Value="..\..\..\..\Source\DSP\DAV_DspFftReal2Complex.pas"/>
        <Caret Line="619" Column="19" TopLine="599"/>
      </Position7>
      <Position8>
        <Filename Value="..\..\..\..\Source\DSP\DAV_DspFftReal2Complex.pas"/>
        <Caret Line="632" Column="19" TopLine="599"/>
      </Position8>
      <Position9>
        <Filename Value="..\..\..\..\Source\DSP\DAV_DspFftReal2Complex.pas"/>
        <Caret Line="645" Column="19" TopLine="626"/>
      </Position9>
      <Position10>
        <Filename Value="..\..\..\..\Source\DSP\DAV_DspFftReal2Complex.pas"/>
        <Caret Line="667" Column="19" TopLine="648"/>
      </Position10>
      <Position11>
        <Filename Value="..\..\..\..\Source\DSP\DAV_DspFftReal2Complex.pas"/>
        <Caret Line="688" Column="19" TopLine="669"/>
      </Position11>
      <Position12>
        <Filename Value="..\..\..\..\Source\DSP\DAV_DspFftReal2Complex.pas"/>
        <Caret Line="724" Column="19" TopLine="705"/>
      </Position12>
      <Position13>
        <Filename Value="..\..\..\..\Source\DSP\DAV_DspFftReal2Complex.pas"/>
        <Caret Line="1614" Column="19" TopLine="1595"/>
      </Position13>
      <Position14>
        <Filename Value="..\..\..\..\Source\DSP\DAV_DspFftReal2Complex.pas"/>
        <Caret Line="1628" Column="19" TopLine="1595"/>
      </Position14>
      <Position15>
        <Filename Value="..\..\..\..\Source\DSP\DAV_DspFftReal2Complex.pas"/>
        <Caret Line="1641" Column="19" TopLine="1622"/>
      </Position15>
      <Position16>
        <Filename Value="..\..\..\..\Source\DSP\DAV_DspFftReal2Complex.pas"/>
        <Caret Line="1663" Column="19" TopLine="1644"/>
      </Position16>
      <Position17>
        <Filename Value="..\..\..\..\Source\DSP\DAV_DspFftReal2Complex.pas"/>
        <Caret Line="1684" Column="20" TopLine="1665"/>
      </Position17>
      <Position18>
        <Filename Value="..\..\..\..\Source\DSP\DAV_DspFftReal2Complex.pas"/>
        <Caret Line="1728" Column="19" TopLine="1709"/>
      </Position18>
      <Position19>
        <Filename Value="..\..\..\..\Source\DSP\DAV_DspFftReal2Complex.pas"/>
        <Caret Line="2800" Column="19" TopLine="2781"/>
      </Position19>
      <Position20>
        <Filename Value="..\..\..\..\Source\DSP\DAV_DspFftReal2Complex.pas"/>
        <Caret Line="2812" Column="19" TopLine="2781"/>
      </Position20>
      <Position21>
        <Filename Value="..\..\..\..\Source\DSP\DAV_DspFftReal2Complex.pas"/>
        <Caret Line="2826" Column="19" TopLine="2807"/>
      </Position21>
      <Position22>
        <Filename Value="..\..\..\..\Source\DSP\DAV_DspFftReal2Complex.pas"/>
        <Caret Line="2847" Column="19" TopLine="2828"/>
      </Position22>
      <Position23>
        <Filename Value="..\..\..\..\Source\DSP\DAV_DspFftReal2Complex.pas"/>
        <Caret Line="2867" Column="19" TopLine="2848"/>
      </Position23>
      <Position24>
        <Filename Value="..\..\..\..\Source\DSP\DAV_DspFftReal2Complex.pas"/>
        <Caret Line="2901" Column="19" TopLine="2882"/>
      </Position24>
      <Position25>
        <Filename Value="..\..\..\..\Source\DSP\DAV_DspFftReal2Complex.pas"/>
        <Caret Line="3809" Column="19" TopLine="3790"/>
      </Position25>
      <Position26>
        <Filename Value="..\..\..\..\Source\DSP\DAV_DspFftReal2Complex.pas"/>
        <Caret Line="3821" Column="19" TopLine="3790"/>
      </Position26>
      <Position27>
        <Filename Value="..\..\..\..\Source\DSP\DAV_DspFftReal2Complex.pas"/>
        <Caret Line="3833" Column="19" TopLine="3814"/>
      </Position27>
      <Position28>
        <Filename Value="..\..\..\..\Source\DSP\DAV_DspFftReal2Complex.pas"/>
        <Caret Line="3853" Column="19" TopLine="3834"/>
      </Position28>
      <Position29>
        <Filename Value="..\..\..\..\Source\DSP\DAV_DspFftReal2Complex.pas"/>
        <Caret Line="3873" Column="19" TopLine="3854"/>
      </Position29>
    </JumpHistory>
  </ProjectOptions>
  <CompilerOptions>
    <Version Value="8"/>
    <PathDelim Value="\"/>
    <SearchPaths>
      <IncludeFiles Value="..\..\..\..\Source\;$(ProjOutDir)\"/>
      <OtherUnitFiles Value="..\..\..\..\Source\;..\..\..\..\Source\VST\;..\..\..\..\Source\DSP\;..\..\..\..\Source\Math\"/>
      <UnitOutputDirectory Value="..\..\..\..\Bin"/>
    </SearchPaths>
    <Linking>
      <Options>
        <ExecutableType Value="Library"/>
      </Options>
    </Linking>
    <Other>
      <CompilerPath Value="$(CompPath)"/>
    </Other>
  </CompilerOptions>
  <Debugging>
    <Exceptions Count="3">
      <Item1>
        <Name Value="EAbort"/>
      </Item1>
      <Item2>
        <Name Value="ECodetoolError"/>
      </Item2>
      <Item3>
        <Name Value="EFOpenError"/>
      </Item3>
    </Exceptions>
  </Debugging>
</CONFIG>
