<?xml version="1.0"?>
<CONFIG>
  <ProjectOptions>
    <PathDelim Value="\"/>
    <Version Value="5"/>
    <General>
      <MainUnit Value="0"/>
      <IconPath Value="./"/>
      <TargetFileExt Value=".exe"/>
      <ActiveEditorIndexAtStart Value="3"/>
    </General>
    <VersionInfo>
      <ProjectVersion Value=""/>
      <Language Value=""/>
      <CharSet Value=""/>
    </VersionInfo>
    <PublishOptions>
      <Version Value="2"/>
      <IgnoreBinaries Value="False"/>
      <IncludeFileFilter Value="*.(pas|pp|inc|lfm|lpr|lrs|lpi|lpk|sh|xml)"/>
      <ExcludeFileFilter Value="*.(bak|ppu|ppw|o|so);*~;backup"/>
    </PublishOptions>
    <RunParams>
      <local>
        <FormatVersion Value="1"/>
        <LaunchingApplication PathPlusParams="/usr/X11R6/bin/xterm -T 'Lazarus Run Output' -e $(LazarusDir)/tools/runwait.sh $(TargetCmdLine)"/>
      </local>
    </RunParams>
    <RequiredPackages Count="3">
      <Item1>
        <PackageName Value="LCL"/>
      </Item1>
      <Item2>
        <PackageName Value="HostVSTLaz"/>
        <MinVersion Minor="2" Valid="True"/>
      </Item2>
      <Item3>
        <PackageName Value="HostASIOLaz"/>
        <MinVersion Minor="2" Valid="True"/>
      </Item3>
    </RequiredPackages>
    <Units Count="12">
      <Unit0>
        <Filename Value="MiniHost.lpr"/>
        <IsPartOfProject Value="True"/>
        <CursorPos X="3" Y="13"/>
        <TopLine Value="1"/>
        <EditorIndex Value="0"/>
        <UsageCount Value="20"/>
        <Loaded Value="True"/>
      </Unit0>
      <Unit1>
        <Filename Value="MiniHostForm.pas"/>
        <ComponentName Value="FmMiniHost"/>
        <HasResources Value="True"/>
        <IsPartOfProject Value="True"/>
        <ResourceFilename Value="MiniHostForm.lrs"/>
        <UnitName Value="MiniHostForm"/>
        <CursorPos X="1" Y="11"/>
        <TopLine Value="1"/>
        <EditorIndex Value="1"/>
        <UsageCount Value="20"/>
        <Loaded Value="True"/>
      </Unit1>
      <Unit2>
        <Filename Value="OptionsForm.pas"/>
        <ComponentName Value="Options"/>
        <HasResources Value="True"/>
        <IsPartOfProject Value="True"/>
        <ResourceFilename Value="OptionsForm.lrs"/>
        <UnitName Value="OptionsForm"/>
        <CursorPos X="22" Y="10"/>
        <TopLine Value="10"/>
        <UsageCount Value="20"/>
      </Unit2>
      <Unit3>
        <Filename Value="aboutform.pas"/>
        <ComponentName Value="about"/>
        <HasResources Value="True"/>
        <IsPartOfProject Value="True"/>
        <ResourceFilename Value="aboutform.lrs"/>
        <UnitName Value="aboutform"/>
        <CursorPos X="52" Y="18"/>
        <TopLine Value="9"/>
        <UsageCount Value="20"/>
      </Unit3>
      <Unit4>
        <Filename Value="PlayerForm.pas"/>
        <ComponentName Value="Player"/>
        <HasResources Value="True"/>
        <IsPartOfProject Value="True"/>
        <ResourceFilename Value="PlayerForm.lrs"/>
        <UnitName Value="PlayerForm"/>
        <CursorPos X="20" Y="20"/>
        <TopLine Value="9"/>
        <UsageCount Value="20"/>
      </Unit4>
      <Unit5>
        <Filename Value="aboutform.lfm"/>
        <CursorPos X="18" Y="14"/>
        <TopLine Value="1"/>
        <UsageCount Value="10"/>
        <SyntaxHighlighter Value="LFM"/>
      </Unit5>
      <Unit6>
        <Filename Value="MiniHostForm.lfm"/>
        <CursorPos X="27" Y="55"/>
        <TopLine Value="43"/>
        <UsageCount Value="10"/>
        <SyntaxHighlighter Value="LFM"/>
      </Unit6>
      <Unit7>
        <Filename Value="OptionsForm.lfm"/>
        <CursorPos X="17" Y="9"/>
        <TopLine Value="1"/>
        <UsageCount Value="10"/>
        <SyntaxHighlighter Value="LFM"/>
      </Unit7>
      <Unit8>
        <Filename Value="PlayerForm.lfm"/>
        <CursorPos X="17" Y="9"/>
        <TopLine Value="9"/>
        <UsageCount Value="10"/>
        <SyntaxHighlighter Value="LFM"/>
      </Unit8>
      <Unit9>
        <Filename Value="..\..\Source\MsacmX.pas"/>
        <UnitName Value="MSACMX"/>
        <CursorPos X="39" Y="333"/>
        <TopLine Value="320"/>
        <EditorIndex Value="2"/>
        <UsageCount Value="10"/>
        <Loaded Value="True"/>
      </Unit9>
      <Unit10>
        <Filename Value="..\..\Source\WaveIOX.pas"/>
        <UnitName Value="WaveIOX"/>
        <CursorPos X="22" Y="32"/>
        <TopLine Value="19"/>
        <EditorIndex Value="3"/>
        <UsageCount Value="10"/>
        <Loaded Value="True"/>
      </Unit10>
      <Unit11>
        <Filename Value="..\..\..\..\..\Programme\Lazarus\fpc\2.1.1\source\packages\extra\winunits\mmsystem.pp"/>
        <UnitName Value="mmsystem"/>
        <CursorPos X="13" Y="1086"/>
        <TopLine Value="1074"/>
        <UsageCount Value="10"/>
      </Unit11>
    </Units>
    <JumpHistory Count="30" HistoryIndex="29">
      <Position1>
        <Filename Value="..\..\Source\MsacmX.pas"/>
        <Caret Line="333" Column="25" TopLine="320"/>
      </Position1>
      <Position2>
        <Filename Value="..\..\Source\WaveIOX.pas"/>
        <Caret Line="62" Column="63" TopLine="40"/>
      </Position2>
      <Position3>
        <Filename Value="..\..\Source\WaveIOX.pas"/>
        <Caret Line="135" Column="26" TopLine="122"/>
      </Position3>
      <Position4>
        <Filename Value="..\..\Source\WaveIOX.pas"/>
        <Caret Line="27" Column="1" TopLine="1"/>
      </Position4>
      <Position5>
        <Filename Value="..\..\Source\WaveIOX.pas"/>
        <Caret Line="135" Column="65" TopLine="122"/>
      </Position5>
      <Position6>
        <Filename Value="..\..\Source\WaveIOX.pas"/>
        <Caret Line="182" Column="10" TopLine="169"/>
      </Position6>
      <Position7>
        <Filename Value="..\..\Source\WaveIOX.pas"/>
        <Caret Line="135" Column="37" TopLine="130"/>
      </Position7>
      <Position8>
        <Filename Value="..\..\Source\WaveIOX.pas"/>
        <Caret Line="183" Column="9" TopLine="169"/>
      </Position8>
      <Position9>
        <Filename Value="..\..\Source\WaveIOX.pas"/>
        <Caret Line="277" Column="14" TopLine="264"/>
      </Position9>
      <Position10>
        <Filename Value="..\..\Source\WaveIOX.pas"/>
        <Caret Line="1" Column="1" TopLine="1"/>
      </Position10>
      <Position11>
        <Filename Value="..\..\Source\WaveIOX.pas"/>
        <Caret Line="135" Column="65" TopLine="122"/>
      </Position11>
      <Position12>
        <Filename Value="..\..\Source\WaveIOX.pas"/>
        <Caret Line="277" Column="66" TopLine="264"/>
      </Position12>
      <Position13>
        <Filename Value="..\..\Source\WaveIOX.pas"/>
        <Caret Line="314" Column="1" TopLine="301"/>
      </Position13>
      <Position14>
        <Filename Value="..\..\Source\WaveIOX.pas"/>
        <Caret Line="1" Column="1" TopLine="1"/>
      </Position14>
      <Position15>
        <Filename Value="..\..\Source\WaveIOX.pas"/>
        <Caret Line="187" Column="1" TopLine="172"/>
      </Position15>
      <Position16>
        <Filename Value="..\..\Source\WaveIOX.pas"/>
        <Caret Line="315" Column="16" TopLine="302"/>
      </Position16>
      <Position17>
        <Filename Value="..\..\Source\WaveIOX.pas"/>
        <Caret Line="358" Column="12" TopLine="345"/>
      </Position17>
      <Position18>
        <Filename Value="..\..\Source\WaveIOX.pas"/>
        <Caret Line="439" Column="38" TopLine="426"/>
      </Position18>
      <Position19>
        <Filename Value="..\..\Source\WaveIOX.pas"/>
        <Caret Line="445" Column="16" TopLine="432"/>
      </Position19>
      <Position20>
        <Filename Value="..\..\Source\WaveIOX.pas"/>
        <Caret Line="32" Column="15" TopLine="19"/>
      </Position20>
      <Position21>
        <Filename Value="..\..\Source\WaveIOX.pas"/>
        <Caret Line="445" Column="71" TopLine="432"/>
      </Position21>
      <Position22>
        <Filename Value="..\..\Source\WaveIOX.pas"/>
        <Caret Line="846" Column="10" TopLine="833"/>
      </Position22>
      <Position23>
        <Filename Value="..\..\Source\WaveIOX.pas"/>
        <Caret Line="452" Column="31" TopLine="439"/>
      </Position23>
      <Position24>
        <Filename Value="..\..\Source\WaveIOX.pas"/>
        <Caret Line="445" Column="71" TopLine="432"/>
      </Position24>
      <Position25>
        <Filename Value="..\..\Source\WaveIOX.pas"/>
        <Caret Line="846" Column="10" TopLine="833"/>
      </Position25>
      <Position26>
        <Filename Value="..\..\Source\WaveIOX.pas"/>
        <Caret Line="445" Column="12" TopLine="432"/>
      </Position26>
      <Position27>
        <Filename Value="..\..\Source\WaveIOX.pas"/>
        <Caret Line="32" Column="18" TopLine="19"/>
      </Position27>
      <Position28>
        <Filename Value="..\..\Source\WaveIOX.pas"/>
        <Caret Line="35" Column="21" TopLine="19"/>
      </Position28>
      <Position29>
        <Filename Value="..\..\Source\WaveIOX.pas"/>
        <Caret Line="445" Column="13" TopLine="432"/>
      </Position29>
      <Position30>
        <Filename Value="..\..\Source\WaveIOX.pas"/>
        <Caret Line="32" Column="20" TopLine="19"/>
      </Position30>
    </JumpHistory>
  </ProjectOptions>
  <CompilerOptions>
    <Version Value="5"/>
    <PathDelim Value="\"/>
    <SearchPaths>
      <OtherUnitFiles Value="$(LazarusDir)\lcl\units\$(TargetCPU)-$(TargetOS)\;$(LazarusDir)\lcl\units\$(TargetCPU)-$(TargetOS)\$(LCLWidgetType)\;$(LazarusDir)\components\codetools\units\$(TargetCPU)-$(TargetOS)\;$(LazarusDir)\components\custom\;$(LazarusDir)\packager\units\$(TargetCPU)-$(TargetOS)\;C:\ITA\Projects\VST Package\Source\"/>
      <SrcPath Value="$(LazarusDir)\lcl\;$(LazarusDir)\lcl\interfaces\$(LCLWidgetType)\;$(LazarusDir)\components\synedit\;$(LazarusDir)\components\codetools\"/>
    </SearchPaths>
    <CodeGeneration>
      <Generate Value="Faster"/>
    </CodeGeneration>
    <Other>
      <CompilerPath Value="$(CompPath)"/>
    </Other>
  </CompilerOptions>
  <Debugging>
    <Exceptions Count="2">
      <Item1>
        <Name Value="ECodetoolError"/>
      </Item1>
      <Item2>
        <Name Value="EFOpenError"/>
      </Item2>
    </Exceptions>
  </Debugging>
</CONFIG>
