<?xml version="1.0"?>
<CONFIG>
  <ProjectOptions>
    <PathDelim Value="\"/>
    <Version Value="5"/>
    <General>
      <MainUnit Value="0"/>
      <TargetFileExt Value=".exe"/>
      <ActiveEditorIndexAtStart Value="0"/>
    </General>
    <PublishOptions>
      <Version Value="2"/>
      <IgnoreBinaries Value="False"/>
      <IncludeFileFilter Value="*.(pas|pp|inc|lfm|lpr|lrs|lpi|lpk|sh|xml)"/>
      <ExcludeFileFilter Value="*.(bak|ppu|ppw|o|so);*~;backup"/>
    </PublishOptions>
    <RunParams>
      <local>
        <FormatVersion Value="1"/>
        <LaunchingApplication PathPlusParams="/usr/X11R6/bin/xterm -T 'Lazarus Run Output' -e $(LazarusDir)/tools/runwait.sh $(TargetCmdLine)"/>
      </local>
    </RunParams>
    <Units Count="1">
      <Unit0>
        <Filename Value="Simple.lpr"/>
        <IsPartOfProject Value="True"/>
        <UnitName Value="Simple"/>
        <CursorPos X="1" Y="1"/>
        <TopLine Value="1"/>
        <EditorIndex Value="0"/>
        <UsageCount Value="20"/>
        <Loaded Value="True"/>
      </Unit0>
    </Units>
    <JumpHistory Count="8" HistoryIndex="7">
      <Position1>
        <Filename Value="Simple.lpr"/>
        <Caret Line="1" Column="15" TopLine="1"/>
      </Position1>
      <Position2>
        <Filename Value="Simple.lpr"/>
        <Caret Line="6" Column="9" TopLine="1"/>
      </Position2>
      <Position3>
        <Filename Value="Simple.lpr"/>
        <Caret Line="7" Column="3" TopLine="1"/>
      </Position3>
      <Position4>
        <Filename Value="Simple.lpr"/>
        <Caret Line="6" Column="1" TopLine="1"/>
      </Position4>
      <Position5>
        <Filename Value="Simple.lpr"/>
        <Caret Line="9" Column="1" TopLine="1"/>
      </Position5>
      <Position6>
        <Filename Value="Simple.lpr"/>
        <Caret Line="6" Column="11" TopLine="1"/>
      </Position6>
      <Position7>
        <Filename Value="Simple.lpr"/>
        <Caret Line="8" Column="10" TopLine="1"/>
      </Position7>
      <Position8>
        <Filename Value="Simple.lpr"/>
        <Caret Line="1" Column="1" TopLine="1"/>
      </Position8>
    </JumpHistory>
  </ProjectOptions>
  <CompilerOptions>
    <Version Value="5"/>
    <PathDelim Value="\"/>
    <SearchPaths>
      <IncludeFiles Value="C:\Programme\Lazarus\lcl\"/>
      <Libraries Value="C:\Programme\Lazarus\lcl\"/>
      <OtherUnitFiles Value="C:\Programme\Lazarus\lcl\"/>
      <SrcPath Value="C:\Programme\Lazarus\lcl\"/>
    </SearchPaths>
    <CodeGeneration>
      <Generate Value="Faster"/>
    </CodeGeneration>
    <Linking>
      <Options>
        <ExecutableType Value="Library"/>
      </Options>
    </Linking>
    <Other>
      <CompilerPath Value="$(CompPath)"/>
    </Other>
  </CompilerOptions>
  <Debugging>
    <Exceptions Count="2">
      <Item1>
        <Name Value="ECodetoolError"/>
      </Item1>
      <Item2>
        <Name Value="EFOpenError"/>
      </Item2>
    </Exceptions>
  </Debugging>
</CONFIG>
