<?xml version="1.0"?>
<CONFIG>
  <ProjectOptions>
    <PathDelim Value="\"/>
    <Version Value="5"/>
    <General>
      <MainUnit Value="0"/>
      <IconPath Value="./"/>
      <TargetFileExt Value=".exe"/>
      <ActiveEditorIndexAtStart Value="1"/>
    </General>
    <VersionInfo>
      <ProjectVersion Value=""/>
    </VersionInfo>
    <PublishOptions>
      <Version Value="2"/>
      <IgnoreBinaries Value="False"/>
      <IncludeFileFilter Value="*.(pas|pp|inc|lfm|lpr|lrs|lpi|lpk|sh|xml)"/>
      <ExcludeFileFilter Value="*.(bak|ppu|ppw|o|so);*~;backup"/>
    </PublishOptions>
    <RunParams>
      <local>
        <FormatVersion Value="1"/>
        <LaunchingApplication PathPlusParams="/usr/X11R6/bin/xterm -T 'Lazarus Run Output' -e $(LazarusDir)/tools/runwait.sh $(TargetCmdLine)"/>
      </local>
    </RunParams>
    <RequiredPackages Count="3">
      <Item1>
        <PackageName Value="TAChartLazarusPkg"/>
        <MinVersion Valid="True"/>
      </Item1>
      <Item2>
        <PackageName Value="LCL"/>
      </Item2>
      <Item3>
        <PackageName Value="HostASIOLaz"/>
        <MinVersion Minor="2" Valid="True"/>
      </Item3>
    </RequiredPackages>
    <Units Count="17">
      <Unit0>
        <Filename Value="Analyser.lpr"/>
        <IsPartOfProject Value="True"/>
        <CursorPos X="25" Y="7"/>
        <TopLine Value="1"/>
        <EditorIndex Value="1"/>
        <UsageCount Value="22"/>
        <Loaded Value="True"/>
      </Unit0>
      <Unit1>
        <Filename Value="AnalyserForm.pas"/>
        <ComponentName Value="FmAnalyser"/>
        <HasResources Value="True"/>
        <IsPartOfProject Value="True"/>
        <ResourceFilename Value="AnalyserForm.lrs"/>
        <UnitName Value="AnalyserForm"/>
        <CursorPos X="60" Y="7"/>
        <TopLine Value="1"/>
        <EditorIndex Value="0"/>
        <UsageCount Value="22"/>
        <Loaded Value="True"/>
      </Unit1>
      <Unit2>
        <Filename Value="..\..\..\Lazarus\HostASIOLaz.pas"/>
        <UnitName Value="HostASIOLaz"/>
        <CursorPos X="1" Y="1"/>
        <TopLine Value="1"/>
        <UsageCount Value="10"/>
      </Unit2>
      <Unit3>
        <Filename Value="..\..\..\Source\DFilter.pas"/>
        <UnitName Value="DFilter"/>
        <CursorPos X="15" Y="6"/>
        <TopLine Value="1"/>
        <UsageCount Value="10"/>
      </Unit3>
      <Unit4>
        <Filename Value="..\..\..\..\..\..\Programme\Lazarus\lcl\chart.pp"/>
        <UnitName Value="Chart"/>
        <CursorPos X="7" Y="41"/>
        <TopLine Value="32"/>
        <UsageCount Value="10"/>
      </Unit4>
      <Unit5>
        <Filename Value="AnalyserChebyshevFilter.pas"/>
        <UnitName Value="AnalyserChebyshevFilter"/>
        <CursorPos X="20" Y="3"/>
        <TopLine Value="1"/>
        <UsageCount Value="10"/>
      </Unit5>
      <Unit6>
        <Filename Value="AnalyserForm.lrs"/>
        <CursorPos X="32" Y="6"/>
        <TopLine Value="1"/>
        <UsageCount Value="10"/>
      </Unit6>
      <Unit7>
        <Filename Value="..\..\..\Source\DBarChart.pas"/>
        <UnitName Value="DBarChart"/>
        <CursorPos X="1" Y="550"/>
        <TopLine Value="510"/>
        <EditorIndex Value="4"/>
        <UsageCount Value="11"/>
        <Loaded Value="True"/>
      </Unit7>
      <Unit8>
        <Filename Value="..\..\..\..\..\..\Programme\Lazarus\FPC\2.1.3\source\rtl\objpas\math.pp"/>
        <UnitName Value="math"/>
        <CursorPos X="10" Y="325"/>
        <TopLine Value="304"/>
        <UsageCount Value="10"/>
      </Unit8>
      <Unit9>
        <Filename Value="AnalyserForm.lfm"/>
        <CursorPos X="1" Y="1"/>
        <TopLine Value="1"/>
        <UsageCount Value="10"/>
        <SyntaxHighlighter Value="LFM"/>
      </Unit9>
      <Unit10>
        <Filename Value="..\..\..\..\..\..\Programme\Lazarus\lcl\controls.pp"/>
        <UnitName Value="Controls"/>
        <CursorPos X="1" Y="1561"/>
        <TopLine Value="1539"/>
        <UsageCount Value="10"/>
      </Unit10>
      <Unit11>
        <Filename Value="..\..\..\..\..\..\Programme\Lazarus\lcl\include\graphiccontrol.inc"/>
        <CursorPos X="41" Y="76"/>
        <TopLine Value="51"/>
        <EditorIndex Value="5"/>
        <UsageCount Value="11"/>
        <Loaded Value="True"/>
      </Unit11>
      <Unit12>
        <Filename Value="..\..\..\..\..\..\Programme\Lazarus\lcl\include\control.inc"/>
        <CursorPos X="1" Y="981"/>
        <TopLine Value="960"/>
        <UsageCount Value="10"/>
      </Unit12>
      <Unit13>
        <Filename Value="..\..\..\..\..\..\Programme\Lazarus\lcl\include\wincontrol.inc"/>
        <CursorPos X="1" Y="4743"/>
        <TopLine Value="4709"/>
        <UsageCount Value="10"/>
      </Unit13>
      <Unit14>
        <Filename Value="..\..\..\..\..\..\Programme\Lazarus\lcl\lmessages.pp"/>
        <UnitName Value="LMessages"/>
        <CursorPos X="19" Y="169"/>
        <TopLine Value="1"/>
        <UsageCount Value="10"/>
      </Unit14>
      <Unit15>
        <Filename Value="..\..\..\Source\DASIOHost.pas"/>
        <UnitName Value="DASIOHost"/>
        <CursorPos X="11" Y="348"/>
        <TopLine Value="327"/>
        <EditorIndex Value="3"/>
        <UsageCount Value="10"/>
        <Loaded Value="True"/>
      </Unit15>
      <Unit16>
        <Filename Value="..\..\..\Source\DChebyshevFilter.pas"/>
        <UnitName Value="DChebyshevFilter"/>
        <CursorPos X="15" Y="540"/>
        <TopLine Value="509"/>
        <EditorIndex Value="2"/>
        <UsageCount Value="10"/>
        <Loaded Value="True"/>
      </Unit16>
    </Units>
    <JumpHistory Count="26" HistoryIndex="25">
      <Position1>
        <Filename Value="..\..\..\Source\DASIOHost.pas"/>
        <Caret Line="277" Column="3" TopLine="256"/>
      </Position1>
      <Position2>
        <Filename Value="..\..\..\Source\DChebyshevFilter.pas"/>
        <Caret Line="278" Column="20" TopLine="253"/>
      </Position2>
      <Position3>
        <Filename Value="..\..\..\Source\DChebyshevFilter.pas"/>
        <Caret Line="21" Column="19" TopLine="1"/>
      </Position3>
      <Position4>
        <Filename Value="..\..\..\Source\DASIOHost.pas"/>
        <Caret Line="277" Column="1" TopLine="256"/>
      </Position4>
      <Position5>
        <Filename Value="..\..\..\Source\DChebyshevFilter.pas"/>
        <Caret Line="34" Column="29" TopLine="1"/>
      </Position5>
      <Position6>
        <Filename Value="..\..\..\Source\DChebyshevFilter.pas"/>
        <Caret Line="36" Column="63" TopLine="14"/>
      </Position6>
      <Position7>
        <Filename Value="..\..\..\Source\DChebyshevFilter.pas"/>
        <Caret Line="61" Column="20" TopLine="40"/>
      </Position7>
      <Position8>
        <Filename Value="..\..\..\Source\DChebyshevFilter.pas"/>
        <Caret Line="77" Column="19" TopLine="56"/>
      </Position8>
      <Position9>
        <Filename Value="..\..\..\Source\DChebyshevFilter.pas"/>
        <Caret Line="82" Column="37" TopLine="61"/>
      </Position9>
      <Position10>
        <Filename Value="..\..\..\Source\DChebyshevFilter.pas"/>
        <Caret Line="84" Column="17" TopLine="63"/>
      </Position10>
      <Position11>
        <Filename Value="..\..\..\Source\DChebyshevFilter.pas"/>
        <Caret Line="144" Column="13" TopLine="123"/>
      </Position11>
      <Position12>
        <Filename Value="..\..\..\Source\DChebyshevFilter.pas"/>
        <Caret Line="148" Column="38" TopLine="127"/>
      </Position12>
      <Position13>
        <Filename Value="..\..\..\Source\DChebyshevFilter.pas"/>
        <Caret Line="150" Column="19" TopLine="129"/>
      </Position13>
      <Position14>
        <Filename Value="..\..\..\Source\DChebyshevFilter.pas"/>
        <Caret Line="152" Column="11" TopLine="131"/>
      </Position14>
      <Position15>
        <Filename Value="..\..\..\Source\DChebyshevFilter.pas"/>
        <Caret Line="153" Column="13" TopLine="132"/>
      </Position15>
      <Position16>
        <Filename Value="..\..\..\Source\DChebyshevFilter.pas"/>
        <Caret Line="157" Column="38" TopLine="136"/>
      </Position16>
      <Position17>
        <Filename Value="..\..\..\Source\DChebyshevFilter.pas"/>
        <Caret Line="160" Column="20" TopLine="139"/>
      </Position17>
      <Position18>
        <Filename Value="..\..\..\Source\DChebyshevFilter.pas"/>
        <Caret Line="161" Column="9" TopLine="140"/>
      </Position18>
      <Position19>
        <Filename Value="..\..\..\Source\DChebyshevFilter.pas"/>
        <Caret Line="183" Column="9" TopLine="162"/>
      </Position19>
      <Position20>
        <Filename Value="..\..\..\Source\DChebyshevFilter.pas"/>
        <Caret Line="246" Column="20" TopLine="225"/>
      </Position20>
      <Position21>
        <Filename Value="..\..\..\Source\DASIOHost.pas"/>
        <Caret Line="277" Column="24" TopLine="256"/>
      </Position21>
      <Position22>
        <Filename Value="..\..\..\Source\DChebyshevFilter.pas"/>
        <Caret Line="470" Column="25" TopLine="441"/>
      </Position22>
      <Position23>
        <Filename Value="..\..\..\Source\DChebyshevFilter.pas"/>
        <Caret Line="1" Column="1" TopLine="1"/>
      </Position23>
      <Position24>
        <Filename Value="..\..\..\Source\DChebyshevFilter.pas"/>
        <Caret Line="351" Column="10" TopLine="316"/>
      </Position24>
      <Position25>
        <Filename Value="..\..\..\Source\DChebyshevFilter.pas"/>
        <Caret Line="540" Column="11" TopLine="508"/>
      </Position25>
      <Position26>
        <Filename Value="AnalyserForm.pas"/>
        <Caret Line="234" Column="55" TopLine="220"/>
      </Position26>
    </JumpHistory>
  </ProjectOptions>
  <CompilerOptions>
    <Version Value="5"/>
    <PathDelim Value="\"/>
    <SearchPaths>
      <IncludeFiles Value="..\..\..\Lazarus\"/>
      <OtherUnitFiles Value="..\..\..\Source\;..\..\..\Lazarus\"/>
      <SrcPath Value="..\..\..\Source\"/>
    </SearchPaths>
    <CodeGeneration>
      <SmartLinkUnit Value="True"/>
      <Generate Value="Faster"/>
    </CodeGeneration>
    <Linking>
      <Debugging>
        <UseLineInfoUnit Value="False"/>
        <StripSymbols Value="True"/>
      </Debugging>
      <LinkSmart Value="True"/>
      <Options>
        <Win32>
          <GraphicApplication Value="True"/>
        </Win32>
      </Options>
    </Linking>
    <Other>
      <CompilerPath Value="$(CompPath)"/>
    </Other>
  </CompilerOptions>
  <Debugging>
    <BreakPoints Count="1">
      <Item1>
        <Source Value="..\ASIO-Host Demo\ASIODemoForm.pas"/>
        <Line Value="126"/>
      </Item1>
    </BreakPoints>
    <Exceptions Count="2">
      <Item1>
        <Name Value="ECodetoolError"/>
      </Item1>
      <Item2>
        <Name Value="EFOpenError"/>
      </Item2>
    </Exceptions>
  </Debugging>
</CONFIG>
