<?xml version="1.0"?>
<CONFIG>
  <ProjectOptions>
    <PathDelim Value="\"/>
    <Version Value="5"/>
    <General>
      <MainUnit Value="0"/>
      <IconPath Value="./"/>
      <TargetFileExt Value=".exe"/>
      <Title Value="Mini Host Core"/>
      <ActiveEditorIndexAtStart Value="3"/>
    </General>
    <VersionInfo>
      <ProjectVersion Value=""/>
    </VersionInfo>
    <PublishOptions>
      <Version Value="2"/>
      <IgnoreBinaries Value="False"/>
      <IncludeFileFilter Value="*.(pas|pp|inc|lfm|lpr|lrs|lpi|lpk|sh|xml)"/>
      <ExcludeFileFilter Value="*.(bak|ppu|ppw|o|so);*~;backup"/>
    </PublishOptions>
    <RunParams>
      <local>
        <FormatVersion Value="1"/>
        <LaunchingApplication PathPlusParams="/usr/X11R6/bin/xterm -T 'Lazarus Run Output' -e $(LazarusDir)/tools/runwait.sh $(TargetCmdLine)"/>
      </local>
    </RunParams>
    <RequiredPackages Count="3">
      <Item1>
        <PackageName Value="LCL"/>
      </Item1>
      <Item2>
        <PackageName Value="HostVSTLaz"/>
        <MinVersion Minor="2" Valid="True"/>
      </Item2>
      <Item3>
        <PackageName Value="HostASIOLaz"/>
        <MinVersion Minor="2" Valid="True"/>
      </Item3>
    </RequiredPackages>
    <Units Count="18">
      <Unit0>
        <Filename Value="MiniHost.lpr"/>
        <IsPartOfProject Value="True"/>
        <CursorPos X="1" Y="17"/>
        <TopLine Value="1"/>
        <EditorIndex Value="0"/>
        <UsageCount Value="21"/>
        <Loaded Value="True"/>
      </Unit0>
      <Unit1>
        <Filename Value="MiniHostForm.pas"/>
        <ComponentName Value="FmMiniHost"/>
        <HasResources Value="True"/>
        <IsPartOfProject Value="True"/>
        <ResourceFilename Value="MiniHostForm.lrs"/>
        <UnitName Value="MiniHostForm"/>
        <CursorPos X="19" Y="2141"/>
        <TopLine Value="2128"/>
        <EditorIndex Value="2"/>
        <UsageCount Value="21"/>
        <Loaded Value="True"/>
      </Unit1>
      <Unit2>
        <Filename Value="OptionsForm.pas"/>
        <ComponentName Value="Options"/>
        <HasResources Value="True"/>
        <IsPartOfProject Value="True"/>
        <ResourceFilename Value="OptionsForm.lrs"/>
        <UnitName Value="OptionsForm"/>
        <CursorPos X="79" Y="110"/>
        <TopLine Value="91"/>
        <UsageCount Value="21"/>
      </Unit2>
      <Unit3>
        <Filename Value="aboutform.pas"/>
        <ComponentName Value="about"/>
        <HasResources Value="True"/>
        <IsPartOfProject Value="True"/>
        <ResourceFilename Value="aboutform.lrs"/>
        <UnitName Value="aboutform"/>
        <CursorPos X="2" Y="74"/>
        <TopLine Value="56"/>
        <UsageCount Value="21"/>
      </Unit3>
      <Unit4>
        <Filename Value="PlayerForm.pas"/>
        <ComponentName Value="Player"/>
        <HasResources Value="True"/>
        <IsPartOfProject Value="True"/>
        <ResourceFilename Value="PlayerForm.lrs"/>
        <UnitName Value="PlayerForm"/>
        <CursorPos X="47" Y="211"/>
        <TopLine Value="198"/>
        <UsageCount Value="21"/>
      </Unit4>
      <Unit5>
        <Filename Value="aboutform.lfm"/>
        <CursorPos X="18" Y="14"/>
        <TopLine Value="1"/>
        <UsageCount Value="10"/>
        <SyntaxHighlighter Value="LFM"/>
      </Unit5>
      <Unit6>
        <Filename Value="MiniHostForm.lfm"/>
        <CursorPos X="27" Y="55"/>
        <TopLine Value="43"/>
        <UsageCount Value="10"/>
        <SyntaxHighlighter Value="LFM"/>
      </Unit6>
      <Unit7>
        <Filename Value="OptionsForm.lfm"/>
        <CursorPos X="17" Y="9"/>
        <TopLine Value="1"/>
        <UsageCount Value="10"/>
        <SyntaxHighlighter Value="LFM"/>
      </Unit7>
      <Unit8>
        <Filename Value="PlayerForm.lfm"/>
        <CursorPos X="17" Y="9"/>
        <TopLine Value="9"/>
        <UsageCount Value="10"/>
        <SyntaxHighlighter Value="LFM"/>
      </Unit8>
      <Unit9>
        <Filename Value="..\..\Source\MsacmX.pas"/>
        <UnitName Value="MSACMX"/>
        <CursorPos X="12" Y="32"/>
        <TopLine Value="19"/>
        <UsageCount Value="11"/>
      </Unit9>
      <Unit10>
        <Filename Value="..\..\Source\WaveIOX.pas"/>
        <UnitName Value="WaveIOX"/>
        <CursorPos X="1" Y="1"/>
        <TopLine Value="1"/>
        <UsageCount Value="11"/>
      </Unit10>
      <Unit11>
        <Filename Value="..\..\..\..\..\Programme\Lazarus\fpc\2.1.1\source\packages\extra\winunits\mmsystem.pp"/>
        <UnitName Value="mmsystem"/>
        <CursorPos X="27" Y="2329"/>
        <TopLine Value="2316"/>
        <UsageCount Value="11"/>
      </Unit11>
      <Unit12>
        <Filename Value="..\..\Source\MidiFile.pas"/>
        <UnitName Value="MidiFile"/>
        <CursorPos X="12" Y="96"/>
        <TopLine Value="83"/>
        <UsageCount Value="11"/>
      </Unit12>
      <Unit13>
        <Filename Value="..\..\Source\MIDI.pas"/>
        <UnitName Value="Midi"/>
        <CursorPos X="1" Y="290"/>
        <TopLine Value="277"/>
        <UsageCount Value="11"/>
      </Unit13>
      <Unit14>
        <Filename Value="..\..\..\..\..\Programme\Lazarus\fpc\2.1.1\source\rtl\objpas\sysutils\sysstrh.inc"/>
        <CursorPos X="10" Y="163"/>
        <TopLine Value="150"/>
        <UsageCount Value="10"/>
      </Unit14>
      <Unit15>
        <Filename Value="..\..\..\..\..\Programme\Lazarus\lcl\stdctrls.pp"/>
        <UnitName Value="StdCtrls"/>
        <CursorPos X="3" Y="539"/>
        <TopLine Value="574"/>
        <UsageCount Value="10"/>
      </Unit15>
      <Unit16>
        <Filename Value="..\..\..\VSTPAC~1\Source\DASIOConvert.pas"/>
        <UnitName Value="DASIOConvert"/>
        <CursorPos X="27" Y="9"/>
        <TopLine Value="1"/>
        <EditorIndex Value="1"/>
        <UsageCount Value="10"/>
        <Loaded Value="True"/>
      </Unit16>
      <Unit17>
        <Filename Value="..\..\..\VSTPAC~1\Source\DVSTHost.pas"/>
        <UnitName Value="DVSTHost"/>
        <CursorPos X="45" Y="26"/>
        <TopLine Value="13"/>
        <EditorIndex Value="3"/>
        <UsageCount Value="10"/>
        <Loaded Value="True"/>
      </Unit17>
    </Units>
    <JumpHistory Count="0" HistoryIndex="-1"/>
  </ProjectOptions>
  <CompilerOptions>
    <Version Value="5"/>
    <PathDelim Value="\"/>
    <SearchPaths>
      <IncludeFiles Value="include\"/>
      <OtherUnitFiles Value="$(LazarusDir)\lcl\units\$(TargetCPU)-$(TargetOS)\;$(LazarusDir)\lcl\units\$(TargetCPU)-$(TargetOS)\$(LCLWidgetType)\;$(LazarusDir)\components\codetools\units\$(TargetCPU)-$(TargetOS)\;$(LazarusDir)\components\custom\;$(LazarusDir)\packager\units\$(TargetCPU)-$(TargetOS)\;C:\ITA\Projects\VSTPAC~1\Source\;C:\ITA\Projects\VSTPAC~1\Lazarus\"/>
      <SrcPath Value="$(LazarusDir)\lcl\;$(LazarusDir)\lcl\interfaces\$(LCLWidgetType)\;$(LazarusDir)\components\synedit\;$(LazarusDir)\components\codetools\"/>
    </SearchPaths>
    <Parsing>
      <SyntaxOptions>
        <CStyleOperator Value="False"/>
        <AllowLabel Value="False"/>
        <CPPInline Value="False"/>
        <DelphiCompat Value="True"/>
      </SyntaxOptions>
    </Parsing>
    <CodeGeneration>
      <Generate Value="Faster"/>
    </CodeGeneration>
    <Linking>
      <Options>
        <Win32>
          <GraphicApplication Value="True"/>
        </Win32>
      </Options>
    </Linking>
    <Other>
      <CompilerPath Value="$(CompPath)"/>
    </Other>
  </CompilerOptions>
  <Debugging>
    <Exceptions Count="2">
      <Item1>
        <Name Value="ECodetoolError"/>
      </Item1>
      <Item2>
        <Name Value="EFOpenError"/>
      </Item2>
    </Exceptions>
  </Debugging>
</CONFIG>
