<?xml version="1.0"?>
<CONFIG>
  <ProjectOptions>
    <PathDelim Value="\"/>
    <Version Value="5"/>
    <General>
      <MainUnit Value="0"/>
      <IconPath Value="./"/>
      <TargetFileExt Value=".exe"/>
    </General>
    <PublishOptions>
      <Version Value="2"/>
      <IgnoreBinaries Value="False"/>
      <IncludeFileFilter Value="*.(pas|pp|inc|lfm|lpr|lrs|lpi|lpk|sh|xml)"/>
      <ExcludeFileFilter Value="*.(bak|ppu|ppw|o|so);*~;backup"/>
    </PublishOptions>
    <RunParams>
      <local>
        <FormatVersion Value="1"/>
        <LaunchingApplication PathPlusParams="/usr/X11R6/bin/xterm -T 'Lazarus Run Output' -e $(LazarusDir)/tools/runwait.sh $(TargetCmdLine)"/>
      </local>
    </RunParams>
    <RequiredPackages Count="5">
      <Item1>
        <PackageName Value="GR32_DSGN_L"/>
        <MinVersion Valid="True"/>
      </Item1>
      <Item2>
        <PackageName Value="LCL"/>
      </Item2>
      <Item3>
        <PackageName Value="HostVSTLaz"/>
        <MinVersion Minor="2" Valid="True"/>
      </Item3>
      <Item4>
        <PackageName Value="EQGraphL"/>
        <MinVersion Valid="True"/>
      </Item4>
      <Item5>
        <PackageName Value="AudioChartsL"/>
        <MinVersion Valid="True"/>
      </Item5>
    </RequiredPackages>
    <Units Count="58">
      <Unit0>
        <Filename Value="VSTSimple.lpr"/>
        <IsPartOfProject Value="True"/>
        <CursorPos X="24" Y="9"/>
        <TopLine Value="1"/>
        <UsageCount Value="30"/>
      </Unit0>
      <Unit1>
        <Filename Value="HVSTMain.pas"/>
        <ComponentName Value="SimpleVSTHost"/>
        <HasResources Value="True"/>
        <IsPartOfProject Value="True"/>
        <ResourceFilename Value="HVSTMain.lrs"/>
        <UnitName Value="HVSTMain"/>
        <CursorPos X="49" Y="31"/>
        <TopLine Value="20"/>
        <UsageCount Value="30"/>
      </Unit1>
      <Unit2>
        <Filename Value="HVSTMain.lfm"/>
        <CursorPos X="5" Y="62"/>
        <TopLine Value="32"/>
        <UsageCount Value="10"/>
        <SyntaxHighlighter Value="LFM"/>
      </Unit2>
      <Unit3>
        <Filename Value="..\..\..\..\..\Programme\Lazarus\ide\lazarus.pp"/>
        <UnitName Value="Lazarus"/>
        <CursorPos X="19" Y="25"/>
        <TopLine Value="15"/>
        <UsageCount Value="10"/>
      </Unit3>
      <Unit4>
        <Filename Value="..\..\..\..\..\Programme\Lazarus\components\ASIOVST\Source\DVstHost.pas"/>
        <UnitName Value="DVSTHost"/>
        <CursorPos X="20" Y="25"/>
        <TopLine Value="1"/>
        <UsageCount Value="11"/>
      </Unit4>
      <Unit5>
        <Filename Value="..\..\..\..\..\Programme\Lazarus\fpc\2.0.4\source\rtl\objpas\classes\classesh.inc"/>
        <CursorPos X="1" Y="1"/>
        <TopLine Value="1"/>
        <UsageCount Value="10"/>
      </Unit5>
      <Unit6>
        <Filename Value="..\..\..\..\..\Programme\Lazarus\components\ASIOVST\Source\DVSTEffect.pas"/>
        <UnitName Value="DVSTEffect"/>
        <CursorPos X="30" Y="24"/>
        <TopLine Value="37"/>
        <UsageCount Value="10"/>
      </Unit6>
      <Unit7>
        <Filename Value="HVSTAbout.pas"/>
        <ComponentName Value="FmAbout"/>
        <IsPartOfProject Value="True"/>
        <ResourceFilename Value="HVSTAbout.lrs"/>
        <UnitName Value="HVSTAbout"/>
        <CursorPos X="20" Y="41"/>
        <TopLine Value="41"/>
        <UsageCount Value="30"/>
      </Unit7>
      <Unit8>
        <Filename Value="..\..\..\..\..\Programme\Lazarus\lcl\interfaces\win32\win32callback.inc"/>
        <CursorPos X="29" Y="795"/>
        <TopLine Value="782"/>
        <UsageCount Value="10"/>
      </Unit8>
      <Unit9>
        <Filename Value="..\..\..\..\..\Programme\Lazarus\lcl\interfaces\win32\interfaces.pp"/>
        <UnitName Value="Interfaces"/>
        <CursorPos X="7" Y="37"/>
        <TopLine Value="12"/>
        <UsageCount Value="10"/>
      </Unit9>
      <Unit10>
        <Filename Value="..\..\..\..\..\Programme\Lazarus\lcl\interfaces\win32\win32int.pp"/>
        <UnitName Value="Win32Int"/>
        <CursorPos X="1" Y="1"/>
        <TopLine Value="1"/>
        <UsageCount Value="10"/>
      </Unit10>
      <Unit11>
        <Filename Value="..\..\..\..\..\Programme\Lazarus\fpc\2.0.4\source\rtl\inc\dynlibs.pp"/>
        <UnitName Value="dynlibs"/>
        <CursorPos X="11" Y="27"/>
        <TopLine Value="13"/>
        <UsageCount Value="10"/>
      </Unit11>
      <Unit12>
        <Filename Value="..\..\..\..\..\Programme\Lazarus\fpc\2.0.4\source\rtl\win32\dynlibs.inc"/>
        <CursorPos X="13" Y="40"/>
        <TopLine Value="13"/>
        <UsageCount Value="10"/>
      </Unit12>
      <Unit13>
        <Filename Value="..\..\..\..\..\Programme\Lazarus\fpc\2.0.4\source\rtl\win32\windows.pp"/>
        <UnitName Value="windows"/>
        <CursorPos X="10" Y="32"/>
        <TopLine Value="23"/>
        <UsageCount Value="12"/>
      </Unit13>
      <Unit14>
        <Filename Value="..\..\..\..\..\Programme\Borland\Library\Bitmap\Graphics32\GR32_Dsgn_Bitmap.lfm"/>
        <CursorPos X="1" Y="1"/>
        <TopLine Value="1"/>
        <UsageCount Value="10"/>
        <SyntaxHighlighter Value="LFM"/>
      </Unit14>
      <Unit15>
        <Filename Value="HVSTAbout.lrs"/>
        <CursorPos X="14" Y="4"/>
        <TopLine Value="1"/>
        <UsageCount Value="10"/>
      </Unit15>
      <Unit16>
        <Filename Value="..\..\..\..\..\Programme\Borland\Library\Bitmap\Graphics32\GR32_Dsgn_Bitmap.lrs"/>
        <CursorPos X="1" Y="1"/>
        <TopLine Value="1"/>
        <UsageCount Value="10"/>
      </Unit16>
      <Unit17>
        <Filename Value="..\..\..\..\..\Programme\Lazarus\ide\keymapping.pp"/>
        <UnitName Value="KeyMapping"/>
        <CursorPos X="3" Y="486"/>
        <TopLine Value="469"/>
        <UsageCount Value="10"/>
      </Unit17>
      <Unit18>
        <Filename Value="..\..\..\Components\Controls\FlatControlsButton.pas"/>
        <UnitName Value="FlatControlsButton"/>
        <CursorPos X="23" Y="161"/>
        <TopLine Value="146"/>
        <UsageCount Value="10"/>
      </Unit18>
      <Unit19>
        <Filename Value="..\..\..\Components\G32 Chart\G32ChartUnit.pas"/>
        <UnitName Value="G32ChartUnit"/>
        <CursorPos X="17" Y="6"/>
        <TopLine Value="1"/>
        <UsageCount Value="10"/>
      </Unit19>
      <Unit20>
        <Filename Value="..\..\..\Components\EQGraphX\EQGraphEx.pas"/>
        <UnitName Value="EQGraphEx"/>
        <CursorPos X="1" Y="30"/>
        <TopLine Value="1"/>
        <UsageCount Value="13"/>
      </Unit20>
      <Unit21>
        <Filename Value="..\..\..\..\..\Programme\Lazarus\fpc\2.0.4\source\rtl\win32\messages.pp"/>
        <UnitName Value="messages"/>
        <CursorPos X="9" Y="11"/>
        <TopLine Value="1"/>
        <UsageCount Value="10"/>
      </Unit21>
      <Unit22>
        <Filename Value="..\..\..\..\..\Programme\Lazarus\fpc\2.0.4\source\rtl\win32\wininc\messages.inc"/>
        <CursorPos X="1" Y="1"/>
        <TopLine Value="1"/>
        <UsageCount Value="13"/>
      </Unit22>
      <Unit23>
        <Filename Value="..\..\..\Components\Audio Chart\AudioDataUnit.pas"/>
        <UnitName Value="AudioDataUnit"/>
        <CursorPos X="5" Y="11"/>
        <TopLine Value="16"/>
        <UsageCount Value="13"/>
      </Unit23>
      <Unit24>
        <Filename Value="..\..\..\Components\Audio Chart\AudioDataFFTUnit.pas"/>
        <UnitName Value="AudioDataFFTUnit"/>
        <CursorPos X="28" Y="572"/>
        <TopLine Value="555"/>
        <UsageCount Value="10"/>
      </Unit24>
      <Unit25>
        <Filename Value="..\..\..\Components\Audio Chart\AudioWindowUnit.pas"/>
        <UnitName Value="AudioWindowUnit"/>
        <CursorPos X="1" Y="963"/>
        <TopLine Value="948"/>
        <UsageCount Value="12"/>
      </Unit25>
      <Unit26>
        <Filename Value="..\..\..\Components\Audio Chart\AudioChartUnit.pas"/>
        <UnitName Value="AudioChartUnit"/>
        <CursorPos X="1" Y="1"/>
        <TopLine Value="22"/>
        <UsageCount Value="12"/>
      </Unit26>
      <Unit27>
        <Filename Value="..\..\..\..\..\Programme\Borland\Library\Bitmap\Graphics32\GR32\GR32_Rasterizers.pas"/>
        <UnitName Value="GR32_Rasterizers"/>
        <CursorPos X="45" Y="449"/>
        <TopLine Value="433"/>
        <UsageCount Value="10"/>
      </Unit27>
      <Unit28>
        <Filename Value="..\..\..\..\..\Programme\Lazarus\ide\project.pp"/>
        <UnitName Value="Project"/>
        <CursorPos X="25" Y="4043"/>
        <TopLine Value="4029"/>
        <UsageCount Value="10"/>
      </Unit28>
      <Unit29>
        <Filename Value="..\..\..\..\..\Programme\Lazarus\components\codetools\definetemplates.pas"/>
        <UnitName Value="DefineTemplates"/>
        <CursorPos X="14" Y="226"/>
        <TopLine Value="212"/>
        <UsageCount Value="10"/>
      </Unit29>
      <Unit30>
        <Filename Value="..\..\..\..\..\Programme\Lazarus\ide\include\ide.inc"/>
        <CursorPos X="1" Y="1"/>
        <TopLine Value="1"/>
        <UsageCount Value="10"/>
      </Unit30>
      <Unit31>
        <Filename Value="..\..\..\..\..\Programme\Lazarus\lcl\lcltype.pp"/>
        <UnitName Value="LCLType"/>
        <CursorPos X="1" Y="1"/>
        <TopLine Value="1"/>
        <UsageCount Value="12"/>
      </Unit31>
      <Unit32>
        <Filename Value="..\..\..\..\..\Programme\Lazarus\lcl\lmessages.pp"/>
        <UnitName Value="LMessages"/>
        <CursorPos X="3" Y="266"/>
        <TopLine Value="252"/>
        <UsageCount Value="12"/>
      </Unit32>
      <Unit33>
        <Filename Value="..\..\..\..\..\Programme\Borland\Library\Bitmap\Graphics32\GR32.pas"/>
        <UnitName Value="GR32"/>
        <CursorPos X="1" Y="47"/>
        <TopLine Value="29"/>
        <UsageCount Value="12"/>
      </Unit33>
      <Unit34>
        <Filename Value="..\..\..\..\..\Programme\Lazarus\fpc\2.0.4\source\rtl\win32\wininc\struct.inc"/>
        <CursorPos X="6" Y="230"/>
        <TopLine Value="216"/>
        <UsageCount Value="12"/>
      </Unit34>
      <Unit35>
        <Filename Value="..\..\..\..\..\Programme\Lazarus\fpc\2.0.4\source\rtl\win32\wininc\defines.inc"/>
        <CursorPos X="17" Y="2412"/>
        <TopLine Value="2398"/>
        <UsageCount Value="12"/>
      </Unit35>
      <Unit36>
        <Filename Value="..\..\..\..\..\Programme\Borland\Library\Bitmap\Graphics32\GR32_Blend.pas"/>
        <UnitName Value="GR32_Blend"/>
        <CursorPos X="19" Y="119"/>
        <TopLine Value="105"/>
        <UsageCount Value="10"/>
      </Unit36>
      <Unit37>
        <Filename Value="..\..\..\..\..\Programme\Borland\Library\Bitmap\Graphics32\GR32_Transforms.pas"/>
        <UnitName Value="GR32_Transforms"/>
        <CursorPos X="1" Y="15"/>
        <TopLine Value="21"/>
        <UsageCount Value="11"/>
      </Unit37>
      <Unit38>
        <Filename Value="..\..\..\..\..\Programme\Borland\Library\Bitmap\Graphics32\GR32_Filters.pas"/>
        <UnitName Value="GR32_Filters"/>
        <CursorPos X="1" Y="37"/>
        <TopLine Value="18"/>
        <UsageCount Value="10"/>
      </Unit38>
      <Unit39>
        <Filename Value="..\..\..\..\..\Programme\Borland\Library\Bitmap\Graphics32\GR32_LowLevel.pas"/>
        <UnitName Value="GR32_LowLevel"/>
        <CursorPos X="5" Y="118"/>
        <TopLine Value="104"/>
        <UsageCount Value="10"/>
      </Unit39>
      <Unit40>
        <Filename Value="..\..\..\..\..\Programme\Borland\Library\Bitmap\Graphics32\GR32_Math.pas"/>
        <UnitName Value="GR32_Math"/>
        <CursorPos X="5" Y="34"/>
        <TopLine Value="20"/>
        <UsageCount Value="10"/>
      </Unit40>
      <Unit41>
        <Filename Value="..\..\..\..\..\Programme\Borland\Library\Bitmap\Graphics32\GR32_System.pas"/>
        <UnitName Value="GR32_System"/>
        <CursorPos X="1" Y="40"/>
        <TopLine Value="15"/>
        <UsageCount Value="11"/>
      </Unit41>
      <Unit42>
        <Filename Value="..\..\..\..\..\Programme\Borland\Library\Bitmap\Graphics32\GR32_Resamplers.pas"/>
        <UnitName Value="GR32_Resamplers"/>
        <CursorPos X="48" Y="38"/>
        <TopLine Value="24"/>
        <UsageCount Value="11"/>
      </Unit42>
      <Unit43>
        <Filename Value="..\..\..\..\..\Programme\Borland\Library\Bitmap\Graphics32\GR32_DrawingEx.pas"/>
        <UnitName Value="GR32_DrawingEx"/>
        <CursorPos X="28" Y="41"/>
        <TopLine Value="18"/>
        <UsageCount Value="10"/>
      </Unit43>
      <Unit44>
        <Filename Value="..\..\..\..\..\Programme\Lazarus\fpc\2.0.4\source\rtl\win32\wininc\redef.inc"/>
        <CursorPos X="86" Y="417"/>
        <TopLine Value="403"/>
        <UsageCount Value="10"/>
      </Unit44>
      <Unit45>
        <Filename Value="..\..\..\..\..\Programme\Lazarus\lcl\lclintf.pas"/>
        <UnitName Value="LCLIntf"/>
        <CursorPos X="1" Y="1"/>
        <TopLine Value="1"/>
        <UsageCount Value="10"/>
      </Unit45>
      <Unit46>
        <Filename Value="..\..\..\..\..\Programme\Borland\Library\Bitmap\Graphics32\GR32_Containers.pas"/>
        <UnitName Value="GR32_Containers"/>
        <CursorPos X="43" Y="220"/>
        <TopLine Value="203"/>
        <UsageCount Value="10"/>
      </Unit46>
      <Unit47>
        <Filename Value="..\..\..\..\..\Programme\Lazarus\fpc\2.0.4\source\rtl\objpas\typinfo.pp"/>
        <UnitName Value="typinfo"/>
        <CursorPos X="13" Y="19"/>
        <TopLine Value="5"/>
        <UsageCount Value="10"/>
      </Unit47>
      <Unit48>
        <Filename Value="..\..\..\..\..\Programme\Borland\Library\Bitmap\Graphics32\GR32.inc"/>
        <CursorPos X="27" Y="104"/>
        <TopLine Value="101"/>
        <UsageCount Value="10"/>
      </Unit48>
      <Unit49>
        <Filename Value="..\..\..\..\..\Programme\Lazarus\fpc\2.0.4\source\rtl\objpas\rtlconsts.pp"/>
        <UnitName Value="RtlConsts"/>
        <CursorPos X="8" Y="1"/>
        <TopLine Value="1"/>
        <UsageCount Value="10"/>
      </Unit49>
      <Unit50>
        <Filename Value="..\..\..\..\..\Programme\Lazarus\fpc\2.0.4\source\rtl\objpas\rtlconst.inc"/>
        <CursorPos X="1" Y="1"/>
        <TopLine Value="1"/>
        <UsageCount Value="10"/>
      </Unit50>
      <Unit51>
        <Filename Value="..\..\..\..\..\Programme\Borland\Library\Bitmap\Graphics32\GR32_Rasterizers.pas"/>
        <UnitName Value="GR32_Rasterizers"/>
        <CursorPos X="1" Y="15"/>
        <TopLine Value="15"/>
        <UsageCount Value="10"/>
      </Unit51>
      <Unit52>
        <Filename Value="..\..\..\..\..\Programme\Lazarus\fpc\2.0.4\source\rtl\win32\classes.pp"/>
        <UnitName Value="Classes"/>
        <CursorPos X="13" Y="21"/>
        <TopLine Value="7"/>
        <UsageCount Value="10"/>
      </Unit52>
      <Unit53>
        <Filename Value="..\..\..\..\..\Programme\Borland\Library\Bitmap\Graphics32\GR32_Image.pas"/>
        <UnitName Value="GR32_Image"/>
        <CursorPos X="38" Y="327"/>
        <TopLine Value="319"/>
        <UsageCount Value="10"/>
      </Unit53>
      <Unit54>
        <Filename Value="..\..\..\..\..\Programme\Borland\Library\Bitmap\Graphics32\GR32_Reg.pas"/>
        <UnitName Value="GR32_Reg"/>
        <CursorPos X="1" Y="1"/>
        <TopLine Value="1"/>
        <UsageCount Value="10"/>
      </Unit54>
      <Unit55>
        <Filename Value="..\..\..\..\..\Programme\Borland\Library\Bitmap\Graphics32\GR32_Dsgn_Misc.pas"/>
        <UnitName Value="GR32_Dsgn_Misc"/>
        <CursorPos X="1" Y="1"/>
        <TopLine Value="19"/>
        <UsageCount Value="10"/>
      </Unit55>
      <Unit56>
        <Filename Value="..\..\..\..\..\Programme\Borland\Library\Bitmap\Graphics32\GR32_Dsgn_Color.pas"/>
        <UnitName Value="GR32_Dsgn_Color"/>
        <CursorPos X="14" Y="46"/>
        <TopLine Value="32"/>
        <UsageCount Value="10"/>
      </Unit56>
      <Unit57>
        <Filename Value="..\..\..\..\..\Programme\Borland\Library\Bitmap\Graphics32\GR32_Dsgn_Bitmap.pas"/>
        <ComponentName Value="PictureEditorForm"/>
        <HasResources Value="True"/>
        <ResourceFilename Value="..\..\..\..\..\Programme\Borland\Library\Bitmap\Graphics32\GR32_Dsgn_Bitmap.lrs"/>
        <UnitName Value="GR32_Dsgn_Bitmap"/>
        <CursorPos X="1" Y="593"/>
        <TopLine Value="566"/>
        <UsageCount Value="10"/>
      </Unit57>
    </Units>
    <JumpHistory Count="0" HistoryIndex="-1"/>
  </ProjectOptions>
  <CompilerOptions>
    <Version Value="5"/>
    <PathDelim Value="\"/>
    <SearchPaths>
      <OtherUnitFiles Value="$(LazarusDir)\lcl\units\$(TargetCPU)-$(TargetOS)\;$(LazarusDir)\lcl\units\$(TargetCPU)-$(TargetOS)\$(LCLWidgetType)\;$(LazarusDir)\components\codetools\units\$(TargetCPU)-$(TargetOS)\;$(LazarusDir)\components\custom\;$(LazarusDir)\packager\units\$(TargetCPU)-$(TargetOS)\;C:\Programme\Borland\Library\Bitmap\Graphics32\GR32\"/>
    </SearchPaths>
    <Parsing>
      <SyntaxOptions>
        <D2Extensions Value="False"/>
        <CStyleOperator Value="False"/>
        <AllowLabel Value="False"/>
        <CPPInline Value="False"/>
        <DelphiCompat Value="True"/>
      </SyntaxOptions>
    </Parsing>
    <CodeGeneration>
      <SmartLinkUnit Value="True"/>
      <Checks>
        <IOChecks Value="True"/>
        <RangeChecks Value="True"/>
        <OverflowChecks Value="True"/>
      </Checks>
      <Generate Value="Faster"/>
    </CodeGeneration>
    <Linking>
      <LinkSmart Value="True"/>
      <Options>
        <PassLinkerOptions Value="True"/>
        <Win32>
          <GraphicApplication Value="True"/>
        </Win32>
      </Options>
    </Linking>
    <Other>
      <CompilerPath Value="$(CompPath)"/>
    </Other>
  </CompilerOptions>
  <Debugging>
    <Exceptions Count="2">
      <Item1>
        <Name Value="ECodetoolError"/>
      </Item1>
      <Item2>
        <Name Value="EFOpenError"/>
      </Item2>
    </Exceptions>
  </Debugging>
</CONFIG>
