<?xml version="1.0"?>
<CONFIG>
  <ProjectOptions>
    <PathDelim Value="\"/>
    <Version Value="5"/>
    <General>
      <MainUnit Value="0"/>
      <IconPath Value="./"/>
      <TargetFileExt Value=".exe"/>
      <ActiveEditorIndexAtStart Value="1"/>
    </General>
    <VersionInfo>
      <UseVersionInfo Value="False"/>
      <AutoIncrementBuild Value="False"/>
      <CurrentVersionNr Value="0"/>
      <CurrentMajorRevNr Value="0"/>
      <CurrentMinorRevNr Value="0"/>
      <CurrentBuildNr Value="0"/>
      <ProjectVersion Value="1.0.0.0"/>
      <Language Value="0409"/>
      <CharSet Value="04E4"/>
      <Comments Value=""/>
      <CompanyName Value=""/>
      <FileDescription Value=""/>
      <InternalName Value=""/>
      <LegalCopyright Value=""/>
      <LegalTrademarks Value=""/>
      <OriginalFilename Value=""/>
      <ProductName Value=""/>
    </VersionInfo>
    <PublishOptions>
      <Version Value="2"/>
      <IgnoreBinaries Value="False"/>
      <IncludeFileFilter Value="*.(pas|pp|inc|lfm|lpr|lrs|lpi|lpk|sh|xml)"/>
      <ExcludeFileFilter Value="*.(bak|ppu|ppw|o|so);*~;backup"/>
    </PublishOptions>
    <RunParams>
      <local>
        <FormatVersion Value="1"/>
        <HostApplicationFilename Value="C:\ITA\Projects\VST Package\Examples\Lazarus Plugin\Project1.exe"/>
        <LaunchingApplication PathPlusParams="/usr/X11R6/bin/xterm -T 'Lazarus Run Output' -e $(LazarusDir)/tools/runwait.sh $(TargetCmdLine)"/>
      </local>
    </RunParams>
    <RequiredPackages Count="2">
      <Item1>
        <PackageName Value="VSTPluginLaz"/>
      </Item1>
      <Item2>
        <PackageName Value="DSPBaseLaz"/>
      </Item2>
    </RequiredPackages>
    <Units Count="38">
      <Unit0>
        <Filename Value="LazVSTPlugin.lpr"/>
        <IsPartOfProject Value="True"/>
        <UnitName Value="LazVSTPlugin"/>
        <CursorPos X="25" Y="28"/>
        <TopLine Value="1"/>
        <EditorIndex Value="1"/>
        <UsageCount Value="44"/>
        <Loaded Value="True"/>
      </Unit0>
      <Unit1>
        <Filename Value="LazPlugin.pas"/>
        <ComponentName Value="VSTModule1"/>
        <IsPartOfProject Value="True"/>
        <ResourceFilename Value="LazPlugin.lrs"/>
        <UnitName Value="LazPlugin"/>
        <CursorPos X="1" Y="5"/>
        <TopLine Value="1"/>
        <EditorIndex Value="0"/>
        <UsageCount Value="44"/>
        <Loaded Value="True"/>
      </Unit1>
      <Unit2>
        <Filename Value="..\..\Source\DVSTModule.pas"/>
        <UnitName Value="DVSTModule"/>
        <CursorPos X="3" Y="11"/>
        <TopLine Value="1"/>
        <UsageCount Value="11"/>
      </Unit2>
      <Unit3>
        <Filename Value="..\..\Source\DVSTEffect.pas"/>
        <UnitName Value="DVSTEffect"/>
        <CursorPos X="5" Y="1204"/>
        <TopLine Value="1171"/>
        <UsageCount Value="10"/>
      </Unit3>
      <Unit4>
        <Filename Value="..\..\..\..\..\Programme\Lazarus\lcl\interfaces\win32\win32winapi.inc"/>
        <CursorPos X="3" Y="10"/>
        <TopLine Value="1"/>
        <UsageCount Value="10"/>
      </Unit4>
      <Unit5>
        <Filename Value="LazPlugin.lfm"/>
        <CursorPos X="3" Y="25"/>
        <TopLine Value="1"/>
        <UsageCount Value="10"/>
        <SyntaxHighlighter Value="LFM"/>
      </Unit5>
      <Unit6>
        <Filename Value="..\..\Lazarus\DSPBaseLaz.pas"/>
        <UnitName Value="DSPBaseLaz"/>
        <CursorPos X="3" Y="12"/>
        <TopLine Value="1"/>
        <UsageCount Value="10"/>
      </Unit6>
      <Unit7>
        <Filename Value="..\..\..\..\..\Programme\Lazarus\fpcsrc\fcl\inc\process.pp"/>
        <UnitName Value="process"/>
        <CursorPos X="1" Y="1"/>
        <TopLine Value="1"/>
        <UsageCount Value="10"/>
      </Unit7>
      <Unit8>
        <Filename Value="..\..\Source\DDSPBase.pas"/>
        <UnitName Value="DDSPBase"/>
        <CursorPos X="3" Y="11"/>
        <TopLine Value="1"/>
        <UsageCount Value="11"/>
      </Unit8>
      <Unit9>
        <Filename Value="..\..\..\..\..\Programme\Lazarus\lcl\dialogs.pp"/>
        <UnitName Value="Dialogs"/>
        <CursorPos X="3" Y="11"/>
        <TopLine Value="1"/>
        <UsageCount Value="11"/>
      </Unit9>
      <Unit10>
        <Filename Value="..\..\..\..\..\Programme\Lazarus\lcl\interfaces\win32\interfaces.pp"/>
        <UnitName Value="Interfaces"/>
        <CursorPos X="25" Y="40"/>
        <TopLine Value="12"/>
        <UsageCount Value="10"/>
      </Unit10>
      <Unit11>
        <Filename Value="..\..\..\..\..\Programme\Lazarus\lcl\include\messagedialogs.inc"/>
        <CursorPos X="3" Y="11"/>
        <TopLine Value="1"/>
        <UsageCount Value="10"/>
      </Unit11>
      <Unit12>
        <Filename Value="..\..\..\..\..\Programme\Lazarus\ide\lazarus.pp"/>
        <UnitName Value="Lazarus"/>
        <CursorPos X="3" Y="25"/>
        <TopLine Value="1"/>
        <UsageCount Value="10"/>
      </Unit12>
      <Unit13>
        <Filename Value="..\..\..\..\..\Programme\Lazarus\lcl\forms.pp"/>
        <UnitName Value="Forms"/>
        <CursorPos X="25" Y="995"/>
        <TopLine Value="978"/>
        <UsageCount Value="10"/>
      </Unit13>
      <Unit14>
        <Filename Value="..\..\..\..\..\Programme\Lazarus\fpcsrc\fcl\inc\custapp.pp"/>
        <UnitName Value="CustApp"/>
        <CursorPos X="19" Y="48"/>
        <TopLine Value="33"/>
        <UsageCount Value="10"/>
      </Unit14>
      <Unit15>
        <Filename Value="..\..\..\..\..\Programme\Lazarus\components\ASIOVST\Source\DVSTModule.pas"/>
        <UnitName Value="DVSTModule"/>
        <CursorPos X="25" Y="1026"/>
        <TopLine Value="1010"/>
        <EditorIndex Value="5"/>
        <UsageCount Value="17"/>
        <Loaded Value="True"/>
      </Unit15>
      <Unit16>
        <Filename Value="..\..\..\..\..\Programme\Lazarus\lcl\interfaces\win32\win32int.pp"/>
        <UnitName Value="Win32Int"/>
        <CursorPos X="3" Y="124"/>
        <TopLine Value="107"/>
        <UsageCount Value="10"/>
      </Unit16>
      <Unit17>
        <Filename Value="..\..\..\..\..\Programme\Lazarus\components\ASIOVST\Source\DVSTEffect.pas"/>
        <UnitName Value="DVSTEffect"/>
        <CursorPos X="19" Y="5"/>
        <TopLine Value="1"/>
        <EditorIndex Value="2"/>
        <UsageCount Value="14"/>
        <Loaded Value="True"/>
      </Unit17>
      <Unit18>
        <Filename Value="..\..\..\..\..\Programme\Lazarus\fpcsrc\rtl\objpas\classes\classesh.inc"/>
        <CursorPos X="32" Y="1631"/>
        <TopLine Value="1614"/>
        <UsageCount Value="11"/>
      </Unit18>
      <Unit19>
        <Filename Value="..\..\..\..\..\Programme\Lazarus\fpc\2.0.4\source\rtl\objpas\classes\classesh.inc"/>
        <CursorPos X="19" Y="1"/>
        <TopLine Value="1"/>
        <UsageCount Value="16"/>
      </Unit19>
      <Unit20>
        <Filename Value="Unit1.lrs"/>
        <CursorPos X="1" Y="1"/>
        <TopLine Value="1"/>
        <UsageCount Value="12"/>
      </Unit20>
      <Unit21>
        <Filename Value="..\..\..\..\..\Programme\Lazarus\components\ASIOVST\Source\JEDI.inc"/>
        <CursorPos X="22" Y="382"/>
        <TopLine Value="330"/>
        <EditorIndex Value="3"/>
        <UsageCount Value="11"/>
        <Loaded Value="True"/>
      </Unit21>
      <Unit22>
        <Filename Value="LazPlugin.lrs"/>
        <CursorPos X="37" Y="3"/>
        <TopLine Value="1"/>
        <UsageCount Value="10"/>
      </Unit22>
      <Unit23>
        <Filename Value="..\..\..\..\..\Programme\Lazarus\lcl\graphics.pp"/>
        <UnitName Value="Graphics"/>
        <CursorPos X="3" Y="16"/>
        <TopLine Value="1"/>
        <UsageCount Value="10"/>
      </Unit23>
      <Unit24>
        <Filename Value="..\..\..\..\..\Programme\Lazarus\lcl\ldockctrl.pas"/>
        <UnitName Value="LDockCtrl"/>
        <CursorPos X="3" Y="16"/>
        <TopLine Value="1"/>
        <UsageCount Value="10"/>
      </Unit24>
      <Unit25>
        <Filename Value="..\..\..\..\..\Programme\Lazarus\lcl\include\customlistbox.inc"/>
        <CursorPos X="3" Y="16"/>
        <TopLine Value="1"/>
        <UsageCount Value="10"/>
      </Unit25>
      <Unit26>
        <Filename Value="..\..\..\..\..\Programme\Lazarus\lcl\controls.pp"/>
        <UnitName Value="Controls"/>
        <CursorPos X="3" Y="16"/>
        <TopLine Value="1"/>
        <UsageCount Value="10"/>
      </Unit26>
      <Unit27>
        <Filename Value="..\..\..\..\..\Programme\Lazarus\lcl\ldocktree.pas"/>
        <UnitName Value="LDockTree"/>
        <CursorPos X="3" Y="16"/>
        <TopLine Value="1"/>
        <UsageCount Value="10"/>
      </Unit27>
      <Unit28>
        <Filename Value="..\..\..\..\..\Programme\Lazarus\lcl\stdctrls.pp"/>
        <UnitName Value="StdCtrls"/>
        <CursorPos X="3" Y="16"/>
        <TopLine Value="1"/>
        <UsageCount Value="10"/>
      </Unit28>
      <Unit29>
        <Filename Value="..\..\..\..\..\Programme\Lazarus\components\codetools\laz_xmlcfg.pas"/>
        <UnitName Value="Laz_XMLCfg"/>
        <CursorPos X="31" Y="122"/>
        <TopLine Value="105"/>
        <UsageCount Value="10"/>
      </Unit29>
      <Unit30>
        <Filename Value="..\..\..\..\..\Programme\Lazarus\fpc\2.0.4\source\rtl\win32\sysutils.pp"/>
        <UnitName Value="sysutils"/>
        <CursorPos X="3" Y="25"/>
        <TopLine Value="1"/>
        <UsageCount Value="10"/>
      </Unit30>
      <Unit31>
        <Filename Value="..\..\..\..\..\Programme\Lazarus\components\ASIOVST\Lazarus\VSTModuleLazIDEIntf.pas"/>
        <UnitName Value="VSTModuleLazIDEIntf"/>
        <CursorPos X="23" Y="127"/>
        <TopLine Value="1"/>
        <UsageCount Value="11"/>
      </Unit31>
      <Unit32>
        <Filename Value="..\..\..\..\..\Programme\Lazarus\fpc\2.0.4\source\rtl\objpas\classes\dm.inc"/>
        <CursorPos X="1" Y="18"/>
        <TopLine Value="16"/>
        <UsageCount Value="10"/>
      </Unit32>
      <Unit33>
        <Filename Value="..\..\..\..\..\Programme\Lazarus\components\ASIOVST\Lazarus\VSTPluginLaz.pas"/>
        <UnitName Value="VSTPluginLaz"/>
        <CursorPos X="35" Y="20"/>
        <TopLine Value="1"/>
        <EditorIndex Value="7"/>
        <UsageCount Value="12"/>
        <Loaded Value="True"/>
      </Unit33>
      <Unit34>
        <Filename Value="..\..\..\..\..\Programme\Lazarus\lcl\lresources.pp"/>
        <UnitName Value="LResources"/>
        <CursorPos X="30" Y="1"/>
        <TopLine Value="1"/>
        <EditorIndex Value="6"/>
        <UsageCount Value="11"/>
        <Loaded Value="True"/>
      </Unit34>
      <Unit35>
        <Filename Value="..\..\..\..\..\Programme\Lazarus\fpc\2.0.4\source\rtl\objpas\classes\collect.inc"/>
        <CursorPos X="16" Y="1"/>
        <TopLine Value="1"/>
        <UsageCount Value="10"/>
      </Unit35>
      <Unit36>
        <Filename Value="..\..\..\..\..\Programme\Lazarus\fpc\2.0.4\source\rtl\inc\objpash.inc"/>
        <CursorPos X="26" Y="135"/>
        <TopLine Value="113"/>
        <UsageCount Value="10"/>
      </Unit36>
      <Unit37>
        <Filename Value="..\..\..\..\..\Programme\Lazarus\fpc\2.0.4\source\rtl\objpas\classes\classes.inc"/>
        <CursorPos X="1" Y="525"/>
        <TopLine Value="517"/>
        <EditorIndex Value="4"/>
        <UsageCount Value="11"/>
        <Loaded Value="True"/>
      </Unit37>
    </Units>
    <JumpHistory Count="0" HistoryIndex="-1"/>
  </ProjectOptions>
  <CompilerOptions>
    <Version Value="5"/>
    <PathDelim Value="\"/>
    <Target>
      <Filename Value="VSTplugin.dll"/>
    </Target>
    <SearchPaths>
      <IncludeFiles Value="include\"/>
      <OtherUnitFiles Value="$(LazarusDir)\lcl\units\$(TargetCPU)-$(TargetOS)\;$(LazarusDir)\lcl\units\$(TargetCPU)-$(TargetOS)\$(LCLWidgetType)\;$(LazarusDir)\components\codetools\units\$(TargetCPU)-$(TargetOS)\;$(LazarusDir)\components\custom\;$(LazarusDir)\packager\units\$(TargetCPU)-$(TargetOS)\;$(LazarusDir)\ideintf\units\$(TargetCPU)-$(TargetOS)\;C:\Programme\Lazarus\components\ASIOVST\Source\;C:\Programme\Lazarus\components\ASIOVST\Lazarus\"/>
      <SrcPath Value="$(LazarusDir)\lcl\;C:\Programme\Lazarus\components\ASIOVST\Lazarus\;$(LazarusDir)\lcl\interfaces\$(LCLWidgetType)\;$(LazarusDir)\components\synedit\;$(LazarusDir)\components\codetools\;$(LazarusDir)\ideintf\;C:\Programme\Lazarus\components\ASIOVST\Source\"/>
    </SearchPaths>
    <Parsing>
      <SyntaxOptions>
        <DelphiCompat Value="True"/>
      </SyntaxOptions>
    </Parsing>
    <CodeGeneration>
      <Checks>
        <IOChecks Value="True"/>
        <RangeChecks Value="True"/>
        <OverflowChecks Value="True"/>
      </Checks>
    </CodeGeneration>
    <Linking>
      <Options>
        <Win32>
          <GraphicApplication Value="True"/>
        </Win32>
      </Options>
    </Linking>
    <Other>
      <Verbosity>
        <ShoLineNum Value="True"/>
        <ShowDebugInfo Value="True"/>
      </Verbosity>
      <CompilerPath Value="$(CompPath)"/>
    </Other>
  </CompilerOptions>
  <Debugging>
    <BreakPoints Count="1">
      <Item1>
        <Source Value="..\..\..\..\..\Programme\Lazarus\fpc\2.0.4\source\rtl\objpas\classes\dm.inc"/>
        <Line Value="18"/>
      </Item1>
    </BreakPoints>
    <Exceptions Count="2">
      <Item1>
        <Name Value="ECodetoolError"/>
      </Item1>
      <Item2>
        <Name Value="EFOpenError"/>
      </Item2>
    </Exceptions>
  </Debugging>
</CONFIG>
