<?xml version="1.0"?>
<CONFIG>
  <ProjectOptions>
    <PathDelim Value="\"/>
    <Version Value="7"/>
    <General>
      <Flags>
        <MainUnitHasCreateFormStatements Value="False"/>
        <MainUnitHasTitleStatement Value="False"/>
        <LRSInOutputDirectory Value="False"/>
      </Flags>
      <MainUnit Value="0"/>
      <TargetFileExt Value=".exe"/>
      <ActiveEditorIndexAtStart Value="1"/>
    </General>
    <PublishOptions>
      <Version Value="2"/>
      <IgnoreBinaries Value="False"/>
      <IncludeFileFilter Value="*.(pas|pp|inc|lfm|lpr|lrs|lpi|lpk|sh|xml)"/>
      <ExcludeFileFilter Value="*.(bak|ppu|ppw|o|so);*~;backup"/>
    </PublishOptions>
    <RunParams>
      <local>
        <FormatVersion Value="1"/>
        <HostApplicationFilename Value="C:\Users\Christian Budde\Projects\VSTPack\Bin\VST Plugin Analyser.exe"/>
        <CommandLineParams Value="OpAmp.dll"/>
        <LaunchingApplication PathPlusParams="/usr/X11R6/bin/xterm -T 'Lazarus Run Output' -e $(LazarusDir)/tools/runwait.sh $(TargetCmdLine)"/>
      </local>
    </RunParams>
    <RequiredPackages Count="2">
      <Item1>
        <PackageName Value="DAV_VSTPlugin_Lazarus"/>
      </Item1>
      <Item2>
        <PackageName Value="LCL"/>
      </Item2>
    </RequiredPackages>
    <Units Count="26">
      <Unit0>
        <Filename Value="OpAmp.lpr"/>
        <IsPartOfProject Value="True"/>
        <CursorPos X="1" Y="1"/>
        <TopLine Value="1"/>
        <UsageCount Value="29"/>
        <SyntaxHighlighter Value="Delphi"/>
      </Unit0>
      <Unit1>
        <Filename Value="OpAmpModule.pas"/>
        <ComponentName Value="VSTOpAmp"/>
        <HasResources Value="True"/>
        <IsPartOfProject Value="True"/>
        <ResourceBaseClass Value="DataModule"/>
        <UnitName Value="OpAmpModule"/>
        <CursorPos X="62" Y="9"/>
        <TopLine Value="1"/>
        <EditorIndex Value="0"/>
        <UsageCount Value="29"/>
        <Loaded Value="True"/>
        <SyntaxHighlighter Value="Delphi"/>
      </Unit1>
      <Unit2>
        <Filename Value="OpAmpGUI.pas"/>
        <ComponentName Value="VSTGUI"/>
        <HasResources Value="True"/>
        <IsPartOfProject Value="True"/>
        <ResourceBaseClass Value="Form"/>
        <UnitName Value="OpAmpGUI"/>
        <CursorPos X="1" Y="41"/>
        <TopLine Value="9"/>
        <EditorIndex Value="2"/>
        <UsageCount Value="29"/>
        <Loaded Value="True"/>
        <SyntaxHighlighter Value="Delphi"/>
      </Unit2>
      <Unit3>
        <Filename Value="OpAmpModule.lfm"/>
        <CursorPos X="1" Y="1"/>
        <TopLine Value="1"/>
        <UsageCount Value="10"/>
        <SyntaxHighlighter Value="LFM"/>
      </Unit3>
      <Unit4>
        <Filename Value="..\..\Source\DAVDCommon.pas"/>
        <UnitName Value="DAVDCommon"/>
        <CursorPos X="23" Y="14"/>
        <TopLine Value="25"/>
        <UsageCount Value="10"/>
      </Unit4>
      <Unit5>
        <Filename Value="..\..\Source\DVSTModule.pas"/>
        <UnitName Value="DVSTModule"/>
        <CursorPos X="9" Y="1006"/>
        <TopLine Value="990"/>
        <UsageCount Value="10"/>
      </Unit5>
      <Unit6>
        <Filename Value="..\..\Source\JEDI.inc"/>
        <CursorPos X="10" Y="385"/>
        <TopLine Value="367"/>
        <UsageCount Value="10"/>
      </Unit6>
      <Unit7>
        <Filename Value="..\..\..\..\..\Programme\Lazarus\lcl\interfaces\win32\interfaces.pp"/>
        <UnitName Value="Interfaces"/>
        <CursorPos X="39" Y="13"/>
        <TopLine Value="1"/>
        <UsageCount Value="10"/>
      </Unit7>
      <Unit8>
        <Filename Value="..\..\..\Source\DSP\DAV_DspFilter.pas"/>
        <UnitName Value="DAV_DspFilter"/>
        <CursorPos X="10" Y="14"/>
        <TopLine Value="1"/>
        <UsageCount Value="10"/>
      </Unit8>
      <Unit9>
        <Filename Value="..\..\..\Lazarus\DAV_Common_Lazarus.pas"/>
        <UnitName Value="DAV_Common_Lazarus"/>
        <CursorPos X="25" Y="14"/>
        <TopLine Value="1"/>
        <UsageCount Value="10"/>
      </Unit9>
      <Unit10>
        <Filename Value="..\..\..\Source\VST\DAV_VSTModule.pas"/>
        <ComponentName Value="VSTModule"/>
        <HasResources Value="True"/>
        <ResourceBaseClass Value="DataModule"/>
        <UnitName Value="DAV_VSTModule"/>
        <CursorPos X="62" Y="8"/>
        <TopLine Value="1"/>
        <UsageCount Value="12"/>
        <SyntaxHighlighter Value="Delphi"/>
      </Unit10>
      <Unit11>
        <Filename Value="..\..\..\Source\VST\DAV_VSTModuleWithDsp.pas"/>
        <ComponentName Value="DspVSTModule"/>
        <HasResources Value="True"/>
        <ResourceBaseClass Value="DataModule"/>
        <UnitName Value="DAV_VSTModuleWithDsp"/>
        <CursorPos X="55" Y="8"/>
        <TopLine Value="1"/>
        <UsageCount Value="12"/>
        <SyntaxHighlighter Value="Delphi"/>
      </Unit11>
      <Unit12>
        <Filename Value="..\..\..\Source\VST\DAV_VSTModuleWithPrograms.pas"/>
        <ComponentName Value="VSTModuleWithPrograms"/>
        <HasResources Value="True"/>
        <ResourceBaseClass Value="DataModule"/>
        <UnitName Value="DAV_VSTModuleWithPrograms"/>
        <CursorPos X="31" Y="24"/>
        <TopLine Value="1"/>
        <UsageCount Value="12"/>
        <SyntaxHighlighter Value="Delphi"/>
      </Unit12>
      <Unit13>
        <Filename Value="..\..\..\Source\VST\DAV_VSTModuleWithMidi.pas"/>
        <ComponentName Value="VSTModuleWithMidi"/>
        <HasResources Value="True"/>
        <ResourceBaseClass Value="DataModule"/>
        <UnitName Value="DAV_VSTModuleWithMidi"/>
        <CursorPos X="49" Y="4"/>
        <TopLine Value="1"/>
        <UsageCount Value="12"/>
        <SyntaxHighlighter Value="Delphi"/>
      </Unit13>
      <Unit14>
        <Filename Value="..\..\..\Source\VST\DAV_VSTCustomModule.pas"/>
        <ComponentName Value="CustomVSTModule"/>
        <HasResources Value="True"/>
        <ResourceBaseClass Value="DataModule"/>
        <UnitName Value="DAV_VSTCustomModule"/>
        <CursorPos X="14" Y="553"/>
        <TopLine Value="532"/>
        <EditorIndex Value="1"/>
        <UsageCount Value="13"/>
        <Loaded Value="True"/>
        <SyntaxHighlighter Value="Delphi"/>
      </Unit14>
      <Unit15>
        <Filename Value="..\..\..\..\..\..\..\Lazarus\lcl\controls.pp"/>
        <UnitName Value="Controls"/>
        <CursorPos X="15" Y="1620"/>
        <TopLine Value="1600"/>
        <UsageCount Value="11"/>
      </Unit15>
      <Unit16>
        <Filename Value="..\..\..\..\..\..\..\Lazarus\lcl\forms.pp"/>
        <UnitName Value="Forms"/>
        <CursorPos X="1" Y="1"/>
        <TopLine Value="1"/>
        <UsageCount Value="10"/>
      </Unit16>
      <Unit17>
        <Filename Value="..\..\..\Packages\Lazarus\DAV_VSTPlugin_Lazarus.pas"/>
        <UnitName Value="DAV_VSTPlugin_Lazarus"/>
        <CursorPos X="54" Y="24"/>
        <TopLine Value="1"/>
        <UsageCount Value="10"/>
        <SyntaxHighlighter Value="Delphi"/>
      </Unit17>
      <Unit18>
        <Filename Value="..\..\..\..\..\..\..\Lazarus\lcl\lcltype.pp"/>
        <UnitName Value="LCLType"/>
        <CursorPos X="13" Y="37"/>
        <TopLine Value="18"/>
        <UsageCount Value="10"/>
      </Unit18>
      <Unit19>
        <Filename Value="..\..\..\Source\DAV_Common.pas"/>
        <UnitName Value="DAV_Common"/>
        <CursorPos X="9" Y="426"/>
        <TopLine Value="423"/>
        <UsageCount Value="10"/>
        <SyntaxHighlighter Value="Delphi"/>
      </Unit19>
      <Unit20>
        <Filename Value="..\..\..\..\..\..\..\Lazarus\ideintf\checklistboxeditordlg.pas"/>
        <ComponentName Value="CheckListBoxEditorDlg"/>
        <HasResources Value="True"/>
        <ResourceBaseClass Value="Form"/>
        <UnitName Value="CheckListboxEditorDlg"/>
        <CursorPos X="67" Y="119"/>
        <TopLine Value="97"/>
        <UsageCount Value="10"/>
      </Unit20>
      <Unit21>
        <Filename Value="..\..\..\..\..\..\..\Lazarus\lcl\include\finddialog.inc"/>
        <CursorPos X="40" Y="177"/>
        <TopLine Value="160"/>
        <UsageCount Value="10"/>
      </Unit21>
      <Unit22>
        <Filename Value="..\..\..\..\..\..\..\Lazarus\lcl\lclstrconsts.pas"/>
        <UnitName Value="LCLStrConsts"/>
        <CursorPos X="35" Y="268"/>
        <TopLine Value="266"/>
        <UsageCount Value="10"/>
      </Unit22>
      <Unit23>
        <Filename Value="..\..\..\Source\VST\DAV_VSTOfflineTask.pas"/>
        <UnitName Value="DAV_VSTOfflineTask"/>
        <CursorPos X="1" Y="1"/>
        <TopLine Value="1"/>
        <UsageCount Value="10"/>
        <SyntaxHighlighter Value="Delphi"/>
      </Unit23>
      <Unit24>
        <Filename Value="..\..\..\Source\VST\DAV_VSTBasicModule.pas"/>
        <ComponentName Value="BasicVSTModule"/>
        <HasResources Value="True"/>
        <ResourceBaseClass Value="DataModule"/>
        <UnitName Value="DAV_VSTBasicModule"/>
        <CursorPos X="40" Y="1307"/>
        <TopLine Value="1290"/>
        <UsageCount Value="10"/>
        <SyntaxHighlighter Value="Delphi"/>
      </Unit24>
      <Unit25>
        <Filename Value="..\..\..\..\..\..\..\Lazarus\lcl\include\wincontrol.inc"/>
        <CursorPos X="35" Y="5898"/>
        <TopLine Value="5893"/>
        <UsageCount Value="11"/>
      </Unit25>
    </Units>
    <JumpHistory Count="25" HistoryIndex="24">
      <Position1>
        <Filename Value="OpAmpModule.pas"/>
        <Caret Line="46" Column="19" TopLine="25"/>
      </Position1>
      <Position2>
        <Filename Value="OpAmpModule.pas"/>
        <Caret Line="9" Column="64" TopLine="1"/>
      </Position2>
      <Position3>
        <Filename Value="OpAmpModule.pas"/>
        <Caret Line="14" Column="66" TopLine="9"/>
      </Position3>
      <Position4>
        <Filename Value="OpAmpModule.pas"/>
        <Caret Line="17" Column="15" TopLine="1"/>
      </Position4>
      <Position5>
        <Filename Value="OpAmpModule.pas"/>
        <Caret Line="12" Column="1" TopLine="1"/>
      </Position5>
      <Position6>
        <Filename Value="OpAmpModule.pas"/>
        <Caret Line="55" Column="25" TopLine="26"/>
      </Position6>
      <Position7>
        <Filename Value="OpAmpModule.pas"/>
        <Caret Line="9" Column="67" TopLine="1"/>
      </Position7>
      <Position8>
        <Filename Value="OpAmpGUI.pas"/>
        <Caret Line="15" Column="3" TopLine="15"/>
      </Position8>
      <Position9>
        <Filename Value="OpAmpModule.pas"/>
        <Caret Line="81" Column="21" TopLine="54"/>
      </Position9>
      <Position10>
        <Filename Value="OpAmpModule.pas"/>
        <Caret Line="78" Column="24" TopLine="54"/>
      </Position10>
      <Position11>
        <Filename Value="OpAmpModule.pas"/>
        <Caret Line="1" Column="1" TopLine="1"/>
      </Position11>
      <Position12>
        <Filename Value="OpAmpGUI.pas"/>
        <Caret Line="51" Column="19" TopLine="27"/>
      </Position12>
      <Position13>
        <Filename Value="OpAmpGUI.pas"/>
        <Caret Line="19" Column="5" TopLine="18"/>
      </Position13>
      <Position14>
        <Filename Value="OpAmpGUI.pas"/>
        <Caret Line="36" Column="1" TopLine="26"/>
      </Position14>
      <Position15>
        <Filename Value="OpAmpGUI.pas"/>
        <Caret Line="80" Column="5" TopLine="41"/>
      </Position15>
      <Position16>
        <Filename Value="OpAmpGUI.pas"/>
        <Caret Line="28" Column="15" TopLine="1"/>
      </Position16>
      <Position17>
        <Filename Value="OpAmpGUI.pas"/>
        <Caret Line="77" Column="5" TopLine="41"/>
      </Position17>
      <Position18>
        <Filename Value="OpAmpGUI.pas"/>
        <Caret Line="1" Column="1" TopLine="1"/>
      </Position18>
      <Position19>
        <Filename Value="OpAmpGUI.pas"/>
        <Caret Line="19" Column="5" TopLine="18"/>
      </Position19>
      <Position20>
        <Filename Value="OpAmpGUI.pas"/>
        <Caret Line="37" Column="18" TopLine="32"/>
      </Position20>
      <Position21>
        <Filename Value="OpAmpModule.pas"/>
        <Caret Line="59" Column="27" TopLine="27"/>
      </Position21>
      <Position22>
        <Filename Value="OpAmpModule.pas"/>
        <Caret Line="39" Column="15" TopLine="36"/>
      </Position22>
      <Position23>
        <Filename Value="OpAmpModule.pas"/>
        <Caret Line="9" Column="62" TopLine="1"/>
      </Position23>
      <Position24>
        <Filename Value="..\..\..\Source\VST\DAV_VSTCustomModule.pas"/>
        <Caret Line="1" Column="1" TopLine="1"/>
      </Position24>
      <Position25>
        <Filename Value="..\..\..\Source\VST\DAV_VSTCustomModule.pas"/>
        <Caret Line="32" Column="79" TopLine="1"/>
      </Position25>
    </JumpHistory>
  </ProjectOptions>
  <CompilerOptions>
    <Version Value="8"/>
    <PathDelim Value="\"/>
    <Target>
      <Filename Value="..\..\..\Bin\OPAmp.dll"/>
    </Target>
    <SearchPaths>
      <IncludeFiles Value="..\..\..\Source\"/>
      <Libraries Value="..\..\..\Packages\Lazarus\;..\..\..\Source\"/>
      <OtherUnitFiles Value="..\..\..\Packages\Lazarus\;..\..\..\Source\;..\..\..\Source\VST\;..\..\..\Source\Math\"/>
      <UnitOutputDirectory Value="..\..\..\Bin"/>
      <ObjectPath Value="..\..\Source\"/>
    </SearchPaths>
    <Parsing>
      <SyntaxOptions>
        <SyntaxMode Value="Delphi"/>
        <IncludeAssertionCode Value="True"/>
        <CPPInline Value="False"/>
        <UseAnsiStrings Value="True"/>
      </SyntaxOptions>
    </Parsing>
    <CodeGeneration>
      <SmartLinkUnit Value="True"/>
    </CodeGeneration>
    <Linking>
      <Debugging>
        <UseLineInfoUnit Value="False"/>
        <StripSymbols Value="True"/>
      </Debugging>
      <LinkSmart Value="True"/>
      <Options>
        <Win32>
          <GraphicApplication Value="True"/>
        </Win32>
        <ExecutableType Value="Library"/>
      </Options>
    </Linking>
    <Other>
      <WriteFPCLogo Value="False"/>
      <CompilerPath Value="$(CompPath)"/>
    </Other>
  </CompilerOptions>
  <Debugging>
    <BreakPoints Count="3">
      <Item1>
        <Source Value="..\..\..\..\..\Programme\Lazarus\components\ASIOVST\Source\DVSTModule.pas"/>
        <Line Value="2155"/>
      </Item1>
      <Item2>
        <Source Value="..\..\..\..\..\Programme\Lazarus\components\ASIOVST\Source\DVSTModule.pas"/>
        <Line Value="2297"/>
      </Item2>
      <Item3>
        <Source Value="OpAmp.lpr"/>
        <Line Value="21"/>
      </Item3>
    </BreakPoints>
    <Exceptions Count="2">
      <Item1>
        <Name Value="ECodetoolError"/>
      </Item1>
      <Item2>
        <Name Value="EFOpenError"/>
      </Item2>
    </Exceptions>
  </Debugging>
</CONFIG>
