<?xml version="1.0"?>
<CONFIG>
  <ProjectOptions>
    <PathDelim Value="\"/>
    <Version Value="7"/>
    <General>
      <Flags>
        <MainUnitHasCreateFormStatements Value="False"/>
        <MainUnitHasTitleStatement Value="False"/>
        <Runnable Value="False"/>
        <LRSInOutputDirectory Value="False"/>
      </Flags>
      <MainUnit Value="0"/>
      <TargetFileExt Value=".dll"/>
      <Title Value="NoGUI Filter"/>
      <ActiveEditorIndexAtStart Value="1"/>
    </General>
    <VersionInfo>
      <ProjectVersion Value=""/>
    </VersionInfo>
    <PublishOptions>
      <Version Value="2"/>
      <IgnoreBinaries Value="False"/>
      <IncludeFileFilter Value="*.(pas|pp|inc|lfm|lpr|lrs|lpi|lpk|sh|xml)"/>
      <ExcludeFileFilter Value="*.(bak|ppu|ppw|o|so);*~;backup"/>
    </PublishOptions>
    <RunParams>
      <local>
        <FormatVersion Value="1"/>
        <HostApplicationFilename Value="C:\Users\Christian Budde\Projects\VSTPack\Bin\VST Plugin Analyser.exe"/>
        <CommandLineParams Value="NoGUIFilter.dll"/>
        <LaunchingApplication PathPlusParams="\usr\X11R6\bin\xterm -T 'Lazarus Run Output' -e $(LazarusDir)\tools\runwait.sh $(TargetCmdLine)"/>
      </local>
    </RunParams>
    <RequiredPackages Count="1">
      <Item1>
        <PackageName Value="LCL"/>
      </Item1>
    </RequiredPackages>
    <Units Count="40">
      <Unit0>
        <Filename Value="NoGUIFilter.lpr"/>
        <IsPartOfProject Value="True"/>
        <CursorPos X="21" Y="3"/>
        <TopLine Value="1"/>
        <EditorIndex Value="0"/>
        <UsageCount Value="53"/>
        <Loaded Value="True"/>
      </Unit0>
      <Unit1>
        <Filename Value="..\..\..\Source\DVSTEffect.pas"/>
        <UnitName Value="DVSTEffect"/>
        <CursorPos X="42" Y="92"/>
        <TopLine Value="70"/>
        <UsageCount Value="12"/>
      </Unit1>
      <Unit2>
        <Filename Value="..\..\..\Source\DVSTModule.pas"/>
        <ComponentName Value="VSTModule"/>
        <HasResources Value="True"/>
        <UnitName Value="DVSTModule"/>
        <CursorPos X="3" Y="3339"/>
        <TopLine Value="3337"/>
        <UsageCount Value="18"/>
        <Bookmarks Count="4">
          <Item0 X="23" Y="993" ID="1"/>
          <Item1 X="12" Y="2352" ID="2"/>
          <Item2 X="1" Y="2267" ID="3"/>
          <Item3 X="35" Y="2419" ID="4"/>
        </Bookmarks>
      </Unit2>
      <Unit3>
        <Filename Value="..\..\..\Source\DAVDCommon.pas"/>
        <UnitName Value="DAVDCommon"/>
        <CursorPos X="1" Y="1"/>
        <TopLine Value="1"/>
        <UsageCount Value="10"/>
      </Unit3>
      <Unit4>
        <Filename Value="..\..\..\..\..\..\Programme\Lazarus\lcl\forms.pp"/>
        <UnitName Value="Forms"/>
        <CursorPos X="1" Y="1785"/>
        <TopLine Value="1751"/>
        <UsageCount Value="9"/>
      </Unit4>
      <Unit5>
        <Filename Value="..\..\..\..\..\..\Programme\Borland\Library\Bitmap\Graphics32\GR32_Blend.pas"/>
        <UnitName Value="GR32_Blend"/>
        <CursorPos X="1" Y="1"/>
        <TopLine Value="1"/>
        <UsageCount Value="9"/>
      </Unit5>
      <Unit6>
        <Filename Value="FilterModule.pas"/>
        <ComponentName Value="VSTFilter"/>
        <HasResources Value="True"/>
        <UnitName Value="FilterModule"/>
        <CursorPos X="13" Y="59"/>
        <TopLine Value="1"/>
        <EditorIndex Value="1"/>
        <UsageCount Value="17"/>
        <Loaded Value="True"/>
      </Unit6>
      <Unit7>
        <Filename Value="FilterModule.lfm"/>
        <CursorPos X="1" Y="7"/>
        <TopLine Value="1"/>
        <UsageCount Value="9"/>
        <SyntaxHighlighter Value="LFM"/>
      </Unit7>
      <Unit8>
        <Filename Value="..\..\..\..\..\..\Programme\Lazarus\lcl\lclintf.pas"/>
        <UnitName Value="LCLIntf"/>
        <CursorPos X="1" Y="1"/>
        <TopLine Value="53"/>
        <UsageCount Value="9"/>
      </Unit8>
      <Unit9>
        <Filename Value="..\..\..\..\..\..\Programme\Lazarus\lcl\interfaces\win32\interfaces.pp"/>
        <UnitName Value="Interfaces"/>
        <CursorPos X="1" Y="1"/>
        <TopLine Value="11"/>
        <UsageCount Value="10"/>
      </Unit9>
      <Unit10>
        <Filename Value="..\..\..\..\..\..\Programme\Lazarus\lcl\interfaces\win32\win32int.pp"/>
        <UnitName Value="Win32Int"/>
        <CursorPos X="31" Y="316"/>
        <TopLine Value="294"/>
        <UsageCount Value="9"/>
      </Unit10>
      <Unit11>
        <Filename Value="..\..\..\..\..\..\Programme\Lazarus\fpc\2.1.1\source\rtl\inc\compproc.inc"/>
        <CursorPos X="25" Y="439"/>
        <TopLine Value="420"/>
        <UsageCount Value="10"/>
      </Unit11>
      <Unit12>
        <Filename Value="..\..\..\..\..\..\Programme\Lazarus\fpc\2.1.1\source\rtl\inc\system.inc"/>
        <CursorPos X="3" Y="661"/>
        <TopLine Value="657"/>
        <UsageCount Value="9"/>
      </Unit12>
      <Unit13>
        <Filename Value="..\..\..\..\..\..\Programme\Lazarus\ide\lazarus.pp"/>
        <UnitName Value="Lazarus"/>
        <CursorPos X="1" Y="1"/>
        <TopLine Value="1"/>
        <UsageCount Value="9"/>
      </Unit13>
      <Unit14>
        <Filename Value="..\..\..\..\Components\Audio Chart\AudioChartsL.pas"/>
        <UnitName Value="AudioChartsL"/>
        <CursorPos X="3" Y="10"/>
        <TopLine Value="1"/>
        <UsageCount Value="9"/>
      </Unit14>
      <Unit15>
        <Filename Value="..\..\..\..\..\..\Programme\Lazarus\ide\main.pp"/>
        <UnitName Value="Main"/>
        <CursorPos X="35" Y="1103"/>
        <TopLine Value="1086"/>
        <UsageCount Value="9"/>
      </Unit15>
      <Unit16>
        <Filename Value="..\..\..\Source\DVSTHost.pas"/>
        <UnitName Value="DVSTHost"/>
        <CursorPos X="1" Y="1"/>
        <TopLine Value="1"/>
        <UsageCount Value="9"/>
      </Unit16>
      <Unit17>
        <Filename Value="..\..\..\Lazarus\HostVSTLaz.pas"/>
        <UnitName Value="HostVSTLaz"/>
        <CursorPos X="1" Y="1"/>
        <TopLine Value="1"/>
        <UsageCount Value="9"/>
      </Unit17>
      <Unit18>
        <Filename Value="..\..\..\Source\DASIOHost.pas"/>
        <UnitName Value="DASIOHost"/>
        <CursorPos X="1" Y="1"/>
        <TopLine Value="1"/>
        <UsageCount Value="9"/>
      </Unit18>
      <Unit19>
        <Filename Value="..\..\..\Source\DGuiBarChart.pas"/>
        <UnitName Value="DGuiBarChart"/>
        <CursorPos X="1" Y="9"/>
        <TopLine Value="1"/>
        <UsageCount Value="9"/>
      </Unit19>
      <Unit20>
        <Filename Value="..\..\..\Source\DGuiMidiKeys.pas"/>
        <UnitName Value="DGuiMidiKeys"/>
        <CursorPos X="1" Y="5"/>
        <TopLine Value="1"/>
        <UsageCount Value="9"/>
      </Unit20>
      <Unit21>
        <Filename Value="..\..\..\Source\DGuiStaticWaveform.pas"/>
        <UnitName Value="DGuiStaticWaveform"/>
        <CursorPos X="1" Y="4"/>
        <TopLine Value="1"/>
        <UsageCount Value="9"/>
      </Unit21>
      <Unit22>
        <Filename Value="..\..\..\Source\DGuiADSRGraph.pas"/>
        <UnitName Value="DGuiADSRGraph"/>
        <CursorPos X="1" Y="1"/>
        <TopLine Value="1"/>
        <UsageCount Value="9"/>
      </Unit22>
      <Unit23>
        <Filename Value="..\..\..\..\..\..\Programme\Lazarus\lcl\alllclunits.pp"/>
        <UnitName Value="AllLCLUnits"/>
        <CursorPos X="1" Y="1"/>
        <TopLine Value="1"/>
        <UsageCount Value="9"/>
      </Unit23>
      <Unit24>
        <Filename Value="..\..\..\..\..\..\Programme\Lazarus\FPC\2.1.3\source\rtl\objpas\rtlconsts.pp"/>
        <UnitName Value="RtlConsts"/>
        <CursorPos X="8" Y="1"/>
        <TopLine Value="1"/>
        <UsageCount Value="9"/>
      </Unit24>
      <Unit25>
        <Filename Value="..\..\..\..\..\..\Programme\Lazarus\FPC\2.1.3\source\rtl\objpas\rtlconst.inc"/>
        <CursorPos X="1" Y="1"/>
        <TopLine Value="231"/>
        <UsageCount Value="9"/>
      </Unit25>
      <Unit26>
        <Filename Value="..\..\..\..\..\..\Programme\Lazarus\FPC\2.1.3\source\rtl\objpas\classes\classesh.inc"/>
        <CursorPos X="11" Y="1747"/>
        <TopLine Value="1726"/>
        <UsageCount Value="9"/>
      </Unit26>
      <Unit27>
        <Filename Value="..\..\..\..\..\..\Programme\Lazarus\lcl\lclclasses.pp"/>
        <UnitName Value="LCLClasses"/>
        <CursorPos X="1" Y="1"/>
        <TopLine Value="1"/>
        <UsageCount Value="9"/>
      </Unit27>
      <Unit28>
        <Filename Value="..\..\..\..\..\..\Programme\Lazarus\FPC\2.1.3\source\rtl\inc\mathh.inc"/>
        <CursorPos X="52" Y="1"/>
        <TopLine Value="21"/>
        <UsageCount Value="9"/>
      </Unit28>
      <Unit29>
        <Filename Value="..\..\..\..\..\..\Programme\Lazarus\lcl\lresources.pp"/>
        <UnitName Value="LResources"/>
        <CursorPos X="42" Y="2621"/>
        <TopLine Value="2615"/>
        <UsageCount Value="11"/>
      </Unit29>
      <Unit30>
        <Filename Value="..\..\..\..\..\..\Programme\Lazarus\fpc\2.1.5\source\rtl\objpas\classes\classesh.inc"/>
        <CursorPos X="12" Y="1655"/>
        <TopLine Value="1638"/>
        <UsageCount Value="11"/>
      </Unit30>
      <Unit31>
        <Filename Value="..\..\..\..\..\..\Programme\Lazarus\fpc\2.1.5\source\rtl\objpas\classes\collect.inc"/>
        <CursorPos X="3" Y="345"/>
        <TopLine Value="324"/>
        <UsageCount Value="10"/>
      </Unit31>
      <Unit32>
        <Filename Value="..\..\..\..\..\..\Programme\Lazarus\lcl\fpcadds.pas"/>
        <UnitName Value="FPCAdds"/>
        <CursorPos X="1" Y="1"/>
        <TopLine Value="74"/>
        <UsageCount Value="10"/>
      </Unit32>
      <Unit33>
        <Filename Value="..\..\..\Source\ASIOVST.inc"/>
        <CursorPos X="17" Y="360"/>
        <TopLine Value="343"/>
        <UsageCount Value="10"/>
      </Unit33>
      <Unit34>
        <Filename Value="..\..\..\..\..\..\Programme\Lazarus\fpc\2.1.5\source\rtl\objpas\classes\classes.inc"/>
        <CursorPos X="1" Y="541"/>
        <TopLine Value="535"/>
        <UsageCount Value="11"/>
      </Unit34>
      <Unit35>
        <Filename Value="..\..\..\Source\VST\DAV_VSTOfflineTask.pas"/>
        <UnitName Value="DAV_VSTOfflineTask"/>
        <CursorPos X="50" Y="23"/>
        <TopLine Value="1"/>
        <UsageCount Value="10"/>
      </Unit35>
      <Unit36>
        <Filename Value="..\..\..\Source\VST\DAV_VSTParameters.pas"/>
        <UnitName Value="DAV_VSTParameters"/>
        <CursorPos X="23" Y="1"/>
        <TopLine Value="1"/>
        <UsageCount Value="10"/>
      </Unit36>
      <Unit37>
        <Filename Value="..\..\..\Source\VST\DAV_VSTModule.pas"/>
        <UnitName Value="DAV_VSTModule"/>
        <CursorPos X="66" Y="8"/>
        <TopLine Value="1"/>
        <EditorIndex Value="2"/>
        <UsageCount Value="10"/>
        <Loaded Value="True"/>
      </Unit37>
      <Unit38>
        <Filename Value="..\..\..\Source\VST\DAV_VSTModuleWithDsp.pas"/>
        <UnitName Value="DAV_VSTModuleWithDsp"/>
        <CursorPos X="38" Y="9"/>
        <TopLine Value="1"/>
        <EditorIndex Value="3"/>
        <UsageCount Value="10"/>
        <Loaded Value="True"/>
      </Unit38>
      <Unit39>
        <Filename Value="..\..\..\Source\VST\DAV_VSTCustomModule.pas"/>
        <UnitName Value="DAV_VSTCustomModule"/>
        <CursorPos X="117" Y="15"/>
        <TopLine Value="1"/>
        <EditorIndex Value="4"/>
        <UsageCount Value="10"/>
        <Loaded Value="True"/>
      </Unit39>
    </Units>
    <JumpHistory Count="21" HistoryIndex="20">
      <Position1>
        <Filename Value="NoGUIFilter.lpr"/>
        <Caret Line="16" Column="15" TopLine="1"/>
      </Position1>
      <Position2>
        <Filename Value="NoGUIFilter.lpr"/>
        <Caret Line="17" Column="29" TopLine="2"/>
      </Position2>
      <Position3>
        <Filename Value="NoGUIFilter.lpr"/>
        <Caret Line="7" Column="20" TopLine="1"/>
      </Position3>
      <Position4>
        <Filename Value="NoGUIFilter.lpr"/>
        <Caret Line="23" Column="54" TopLine="1"/>
      </Position4>
      <Position5>
        <Filename Value="NoGUIFilter.lpr"/>
        <Caret Line="37" Column="3" TopLine="20"/>
      </Position5>
      <Position6>
        <Filename Value="NoGUIFilter.lpr"/>
        <Caret Line="64" Column="22" TopLine="55"/>
      </Position6>
      <Position7>
        <Filename Value="NoGUIFilter.lpr"/>
        <Caret Line="64" Column="22" TopLine="55"/>
      </Position7>
      <Position8>
        <Filename Value="NoGUIFilter.lpr"/>
        <Caret Line="93" Column="27" TopLine="73"/>
      </Position8>
      <Position9>
        <Filename Value="NoGUIFilter.lpr"/>
        <Caret Line="38" Column="5" TopLine="16"/>
      </Position9>
      <Position10>
        <Filename Value="NoGUIFilter.lpr"/>
        <Caret Line="1" Column="1" TopLine="1"/>
      </Position10>
      <Position11>
        <Filename Value="FilterModule.pas"/>
        <Caret Line="38" Column="28" TopLine="22"/>
      </Position11>
      <Position12>
        <Filename Value="FilterModule.pas"/>
        <Caret Line="8" Column="23" TopLine="1"/>
      </Position12>
      <Position13>
        <Filename Value="..\..\..\Source\VST\DAV_VSTModule.pas"/>
        <Caret Line="8" Column="66" TopLine="1"/>
      </Position13>
      <Position14>
        <Filename Value="..\..\..\Source\VST\DAV_VSTModuleWithDsp.pas"/>
        <Caret Line="9" Column="38" TopLine="1"/>
      </Position14>
      <Position15>
        <Filename Value="NoGUIFilter.lpr"/>
        <Caret Line="14" Column="6" TopLine="3"/>
      </Position15>
      <Position16>
        <Filename Value="NoGUIFilter.lpr"/>
        <Caret Line="102" Column="49" TopLine="72"/>
      </Position16>
      <Position17>
        <Filename Value="NoGUIFilter.lpr"/>
        <Caret Line="107" Column="15" TopLine="89"/>
      </Position17>
      <Position18>
        <Filename Value="NoGUIFilter.lpr"/>
        <Caret Line="1" Column="1" TopLine="1"/>
      </Position18>
      <Position19>
        <Filename Value="NoGUIFilter.lpr"/>
        <Caret Line="107" Column="8" TopLine="98"/>
      </Position19>
      <Position20>
        <Filename Value="FilterModule.pas"/>
        <Caret Line="62" Column="3" TopLine="50"/>
      </Position20>
      <Position21>
        <Filename Value="FilterModule.pas"/>
        <Caret Line="59" Column="12" TopLine="42"/>
      </Position21>
    </JumpHistory>
  </ProjectOptions>
  <CompilerOptions>
    <Version Value="8"/>
    <PathDelim Value="\"/>
    <Target>
      <Filename Value="NoGUIFilter"/>
    </Target>
    <SearchPaths>
      <IncludeFiles Value="..\..\..\Source\"/>
      <OtherUnitFiles Value="..\..\..\Source\;..\..\..\Source\VST\;..\..\..\Source\Math\"/>
      <UnitOutputDirectory Value="..\..\..\Bin\$(TargetCPU)-$(TargetOS)"/>
      <ObjectPath Value="..\..\Source\"/>
    </SearchPaths>
    <Parsing>
      <SyntaxOptions>
        <CStyleOperator Value="False"/>
        <IncludeAssertionCode Value="True"/>
        <CPPInline Value="False"/>
      </SyntaxOptions>
    </Parsing>
    <CodeGeneration>
      <SmartLinkUnit Value="True"/>
    </CodeGeneration>
    <Linking>
      <Debugging>
        <UseLineInfoUnit Value="False"/>
      </Debugging>
      <LinkSmart Value="True"/>
      <Options>
        <Win32>
          <GraphicApplication Value="True"/>
        </Win32>
        <ExecutableType Value="Library"/>
      </Options>
    </Linking>
    <Other>
      <CompilerPath Value="$(CompPath)"/>
    </Other>
  </CompilerOptions>
  <Debugging>
    <Exceptions Count="2">
      <Item1>
        <Name Value="ECodetoolError"/>
      </Item1>
      <Item2>
        <Name Value="EFOpenError"/>
      </Item2>
    </Exceptions>
  </Debugging>
</CONFIG>
