<?xml version="1.0"?>
<CONFIG>
  <ProjectOptions>
    <PathDelim Value="\"/>
    <Version Value="5"/>
    <General>
      <MainUnit Value="0"/>
      <IconPath Value="./"/>
      <TargetFileExt Value=".exe"/>
    </General>
    <VersionInfo>
      <ProjectVersion Value=""/>
      <Language Value=""/>
      <CharSet Value=""/>
    </VersionInfo>
    <PublishOptions>
      <Version Value="2"/>
      <IgnoreBinaries Value="False"/>
      <IncludeFileFilter Value="*.(pas|pp|inc|lfm|lpr|lrs|lpi|lpk|sh|xml)"/>
      <ExcludeFileFilter Value="*.(bak|ppu|ppw|o|so);*~;backup"/>
    </PublishOptions>
    <RunParams>
      <local>
        <FormatVersion Value="1"/>
        <LaunchingApplication PathPlusParams="/usr/X11R6/bin/xterm -T 'Lazarus Run Output' -e $(LazarusDir)/tools/runwait.sh $(TargetCmdLine)"/>
      </local>
    </RunParams>
    <RequiredPackages Count="1">
      <Item1>
        <PackageName Value="LCL"/>
      </Item1>
    </RequiredPackages>
    <Units Count="8">
      <Unit0>
        <Filename Value="project1.lpr"/>
        <IsPartOfProject Value="True"/>
        <UnitName Value="project1"/>
        <CursorPos X="1" Y="16"/>
        <TopLine Value="1"/>
        <UsageCount Value="20"/>
      </Unit0>
      <Unit1>
        <Filename Value="unit1.pas"/>
        <ComponentName Value="Form1"/>
        <IsPartOfProject Value="True"/>
        <ResourceFilename Value="unit1.lrs"/>
        <UnitName Value="Unit1"/>
        <CursorPos X="15" Y="39"/>
        <TopLine Value="18"/>
        <UsageCount Value="20"/>
      </Unit1>
      <Unit2>
        <Filename Value="unit2.pas"/>
        <ComponentName Value="VSTModule1"/>
        <IsPartOfProject Value="True"/>
        <ResourceFilename Value="unit2.lrs"/>
        <UnitName Value="Unit2"/>
        <CursorPos X="3" Y="11"/>
        <TopLine Value="1"/>
        <UsageCount Value="20"/>
      </Unit2>
      <Unit3>
        <Filename Value="..\..\..\..\..\..\Programme\Lazarus\components\ASIOVST\Source\DVSTModule.pas"/>
        <UnitName Value="DVSTModule"/>
        <CursorPos X="3" Y="10"/>
        <TopLine Value="1"/>
        <UsageCount Value="10"/>
      </Unit3>
      <Unit4>
        <Filename Value="..\..\..\..\..\..\Programme\Lazarus\lcl\forms.pp"/>
        <UnitName Value="Forms"/>
        <CursorPos X="15" Y="975"/>
        <TopLine Value="962"/>
        <UsageCount Value="10"/>
      </Unit4>
      <Unit5>
        <Filename Value="..\..\..\..\..\..\Programme\Lazarus\lcl\include\application.inc"/>
        <CursorPos X="1" Y="1007"/>
        <TopLine Value="994"/>
        <UsageCount Value="10"/>
      </Unit5>
      <Unit6>
        <Filename Value="..\..\..\..\..\..\Programme\Lazarus\lcl\include\customform.inc"/>
        <CursorPos X="1" Y="329"/>
        <TopLine Value="316"/>
        <UsageCount Value="10"/>
      </Unit6>
      <Unit7>
        <Filename Value="unit2.lfm"/>
        <CursorPos X="3" Y="10"/>
        <TopLine Value="1"/>
        <UsageCount Value="10"/>
        <SyntaxHighlighter Value="LFM"/>
      </Unit7>
    </Units>
    <JumpHistory Count="0" HistoryIndex="-1"/>
  </ProjectOptions>
  <CompilerOptions>
    <Version Value="5"/>
    <PathDelim Value="\"/>
    <SearchPaths>
      <OtherUnitFiles Value="$(LazarusDir)\lcl\units\$(TargetCPU)-$(TargetOS)\;$(LazarusDir)\lcl\units\$(TargetCPU)-$(TargetOS)\$(LCLWidgetType)\;$(LazarusDir)\components\codetools\units\$(TargetCPU)-$(TargetOS)\;$(LazarusDir)\components\custom\;$(LazarusDir)\packager\units\$(TargetCPU)-$(TargetOS)\;C:\Programme\Lazarus\components\ASIOVST\Source\;C:\Programme\Lazarus\components\ASIOVST\Lazarus\"/>
      <SrcPath Value="$(LazarusDir)\lcl\;$(LazarusDir)\lcl\interfaces\$(LCLWidgetType)\;$(LazarusDir)\components\synedit\;$(LazarusDir)\components\codetools\;C:\Programme\Lazarus\components\ASIOVST\Source\;C:\Programme\Lazarus\components\ASIOVST\Lazarus\"/>
    </SearchPaths>
    <Parsing>
      <SyntaxOptions>
        <AllowLabel Value="False"/>
        <CPPInline Value="False"/>
        <DelphiCompat Value="True"/>
      </SyntaxOptions>
    </Parsing>
    <CodeGeneration>
      <Checks>
        <IOChecks Value="True"/>
        <RangeChecks Value="True"/>
        <OverflowChecks Value="True"/>
      </Checks>
      <Generate Value="Faster"/>
    </CodeGeneration>
    <Linking>
      <Options>
        <Win32>
          <GraphicApplication Value="True"/>
        </Win32>
      </Options>
    </Linking>
    <Other>
      <CompilerPath Value="$(CompPath)"/>
    </Other>
  </CompilerOptions>
  <Debugging>
    <BreakPoints Count="4">
      <Item1>
        <Source Value="..\..\..\..\..\..\Programme\Lazarus\fpc\2.0.4\source\rtl\objpas\classes\dm.inc"/>
        <Line Value="18"/>
      </Item1>
      <Item2>
        <Source Value="..\..\..\..\..\..\Programme\Lazarus\components\ASIOVST\Source\DVSTModule.pas"/>
        <Line Value="3839"/>
      </Item2>
      <Item3>
        <Source Value="..\..\..\..\..\..\Programme\Lazarus\components\ASIOVST\Source\DVSTModule.pas"/>
        <Line Value="995"/>
      </Item3>
      <Item4>
        <Source Value="..\..\..\..\..\..\Programme\Lazarus\components\ASIOVST\Source\DVSTModule.pas"/>
        <Line Value="1004"/>
      </Item4>
    </BreakPoints>
    <Exceptions Count="2">
      <Item1>
        <Name Value="ECodetoolError"/>
      </Item1>
      <Item2>
        <Name Value="EFOpenError"/>
      </Item2>
    </Exceptions>
  </Debugging>
</CONFIG>
